
Microsoft Visual Studio Solution File, Format Version 11.00
# Visual Studio 2010
Project("{FAE04EC0-301F-11D3-BF4B-00C04F79EFBC}") = "Remote.Linq.TestConsole", "Remote.Linq.TestConsole\Remote.Linq.TestConsole.csproj", "{A28CF14B-2AE2-4351-9393-A47A1C3AB5E8}"
EndProject
Project("{2150E333-8FDC-42A3-9474-1A3956D46DE8}") = "Externals", "Externals", "{AFF7E88F-A99A-4FD5-980D-6F6516FE0A28}"
EndProject
Project("{FAE04EC0-301F-11D3-BF4B-00C04F79EFBC}") = "Remote.Linq.TestClassLibrary", "Remote.Linq.TestClassLibrary\Remote.Linq.TestClassLibrary.csproj", "{0F1CA80D-5006-4A76-95E7-444AB26DA403}"
EndProject
Project("{FAE04EC0-301F-11D3-BF4B-00C04F79EFBC}") = "Remote.Linq", "..\src\Remote.Linq\Remote.Linq.csproj", "{2E2B1850-C328-47C3-BED5-313F6E9DBB01}"
EndProject
Project("{FAE04EC0-301F-11D3-BF4B-00C04F79EFBC}") = "Remote.Linq.QueryFunctions", "..\src\Remote.Linq.QueryFunctions\Remote.Linq.QueryFunctions.csproj", "{91CBF2BB-A03B-46B5-8258-32CDDB74E596}"
EndProject
Global
	GlobalSection(SolutionConfigurationPlatforms) = preSolution
		Debug|Any CPU = Debug|Any CPU
		Debug|Mixed Platforms = Debug|Mixed Platforms
		Debug|x86 = Debug|x86
		Release|Any CPU = Release|Any CPU
		Release|Mixed Platforms = Release|Mixed Platforms
		Release|x86 = Release|x86
	EndGlobalSection
	GlobalSection(ProjectConfigurationPlatforms) = postSolution
		{A28CF14B-2AE2-4351-9393-A47A1C3AB5E8}.Debug|Any CPU.ActiveCfg = Debug|x86
		{A28CF14B-2AE2-4351-9393-A47A1C3AB5E8}.Debug|Mixed Platforms.ActiveCfg = Debug|x86
		{A28CF14B-2AE2-4351-9393-A47A1C3AB5E8}.Debug|Mixed Platforms.Build.0 = Debug|x86
		{A28CF14B-2AE2-4351-9393-A47A1C3AB5E8}.Debug|x86.ActiveCfg = Debug|x86
		{A28CF14B-2AE2-4351-9393-A47A1C3AB5E8}.Debug|x86.Build.0 = Debug|x86
		{A28CF14B-2AE2-4351-9393-A47A1C3AB5E8}.Release|Any CPU.ActiveCfg = Release|x86
		{A28CF14B-2AE2-4351-9393-A47A1C3AB5E8}.Release|Mixed Platforms.ActiveCfg = Release|x86
		{A28CF14B-2AE2-4351-9393-A47A1C3AB5E8}.Release|Mixed Platforms.Build.0 = Release|x86
		{A28CF14B-2AE2-4351-9393-A47A1C3AB5E8}.Release|x86.ActiveCfg = Release|x86
		{A28CF14B-2AE2-4351-9393-A47A1C3AB5E8}.Release|x86.Build.0 = Release|x86
		{0F1CA80D-5006-4A76-95E7-444AB26DA403}.Debug|Any CPU.ActiveCfg = Debug|Any CPU
		{0F1CA80D-5006-4A76-95E7-444AB26DA403}.Debug|Any CPU.Build.0 = Debug|Any CPU
		{0F1CA80D-5006-4A76-95E7-444AB26DA403}.Debug|Mixed Platforms.ActiveCfg = Debug|Any CPU
		{0F1CA80D-5006-4A76-95E7-444AB26DA403}.Debug|Mixed Platforms.Build.0 = Debug|Any CPU
		{0F1CA80D-5006-4A76-95E7-444AB26DA403}.Debug|x86.ActiveCfg = Debug|Any CPU
		{0F1CA80D-5006-4A76-95E7-444AB26DA403}.Release|Any CPU.ActiveCfg = Release|Any CPU
		{0F1CA80D-5006-4A76-95E7-444AB26DA403}.Release|Any CPU.Build.0 = Release|Any CPU
		{0F1CA80D-5006-4A76-95E7-444AB26DA403}.Release|Mixed Platforms.ActiveCfg = Release|Any CPU
		{0F1CA80D-5006-4A76-95E7-444AB26DA403}.Release|Mixed Platforms.Build.0 = Release|Any CPU
		{0F1CA80D-5006-4A76-95E7-444AB26DA403}.Release|x86.ActiveCfg = Release|Any CPU
		{2E2B1850-C328-47C3-BED5-313F6E9DBB01}.Debug|Any CPU.ActiveCfg = Debug|Any CPU
		{2E2B1850-C328-47C3-BED5-313F6E9DBB01}.Debug|Any CPU.Build.0 = Debug|Any CPU
		{2E2B1850-C328-47C3-BED5-313F6E9DBB01}.Debug|Mixed Platforms.ActiveCfg = Debug|Any CPU
		{2E2B1850-C328-47C3-BED5-313F6E9DBB01}.Debug|Mixed Platforms.Build.0 = Debug|Any CPU
		{2E2B1850-C328-47C3-BED5-313F6E9DBB01}.Debug|x86.ActiveCfg = Debug|Any CPU
		{2E2B1850-C328-47C3-BED5-313F6E9DBB01}.Release|Any CPU.ActiveCfg = Release|Any CPU
		{2E2B1850-C328-47C3-BED5-313F6E9DBB01}.Release|Any CPU.Build.0 = Release|Any CPU
		{2E2B1850-C328-47C3-BED5-313F6E9DBB01}.Release|Mixed Platforms.ActiveCfg = Release|Any CPU
		{2E2B1850-C328-47C3-BED5-313F6E9DBB01}.Release|Mixed Platforms.Build.0 = Release|Any CPU
		{2E2B1850-C328-47C3-BED5-313F6E9DBB01}.Release|x86.ActiveCfg = Release|Any CPU
		{91CBF2BB-A03B-46B5-8258-32CDDB74E596}.Debug|Any CPU.ActiveCfg = Debug|Any CPU
		{91CBF2BB-A03B-46B5-8258-32CDDB74E596}.Debug|Any CPU.Build.0 = Debug|Any CPU
		{91CBF2BB-A03B-46B5-8258-32CDDB74E596}.Debug|Mixed Platforms.ActiveCfg = Debug|Any CPU
		{91CBF2BB-A03B-46B5-8258-32CDDB74E596}.Debug|Mixed Platforms.Build.0 = Debug|Any CPU
		{91CBF2BB-A03B-46B5-8258-32CDDB74E596}.Debug|x86.ActiveCfg = Debug|Any CPU
		{91CBF2BB-A03B-46B5-8258-32CDDB74E596}.Release|Any CPU.ActiveCfg = Release|Any CPU
		{91CBF2BB-A03B-46B5-8258-32CDDB74E596}.Release|Any CPU.Build.0 = Release|Any CPU
		{91CBF2BB-A03B-46B5-8258-32CDDB74E596}.Release|Mixed Platforms.ActiveCfg = Release|Any CPU
		{91CBF2BB-A03B-46B5-8258-32CDDB74E596}.Release|Mixed Platforms.Build.0 = Release|Any CPU
		{91CBF2BB-A03B-46B5-8258-32CDDB74E596}.Release|x86.ActiveCfg = Release|Any CPU
	EndGlobalSection
	GlobalSection(SolutionProperties) = preSolution
		HideSolutionNode = FALSE
	EndGlobalSection
	GlobalSection(NestedProjects) = preSolution
		{2E2B1850-C328-47C3-BED5-313F6E9DBB01} = {AFF7E88F-A99A-4FD5-980D-6F6516FE0A28}
		{91CBF2BB-A03B-46B5-8258-32CDDB74E596} = {AFF7E88F-A99A-4FD5-980D-6F6516FE0A28}
	EndGlobalSection
EndGlobal
