Microsoft Visual Studio Solution File, Format Version 12.00
# Visual Studio Version 16
VisualStudioVersion = 16.0.28729.10
MinimumVisualStudioVersion = 10.0.40219.1
Project("{2150E333-8FDC-42A3-9474-1A3956D46DE8}") = "src", "src", "{0BC2CB05-0651-45C9-A601-630C1FC7EDBE}"
EndProject
Project("{2150E333-8FDC-42A3-9474-1A3956D46DE8}") = "test", "test", "{C0DCE22E-09EB-4152-93FD-A54582B2C4BC}"
	ProjectSection(SolutionItems) = preProject
		test\Directory.Build.props = test\Directory.Build.props
	EndProjectSection
EndProject
Project("{9A19103F-16F7-4668-BE54-9A1E7A4F7556}") = "Remote.Linq", "src\Remote.Linq\Remote.Linq.csproj", "{2E2B1850-C328-47C3-BED5-313F6E9DBB01}"
EndProject
Project("{9A19103F-16F7-4668-BE54-9A1E7A4F7556}") = "Remote.Linq.EntityFramework", "src\Remote.Linq.EntityFramework\Remote.Linq.EntityFramework.csproj", "{27CF691E-0FD4-4C61-826D-EA46D256AE78}"
EndProject
Project("{9A19103F-16F7-4668-BE54-9A1E7A4F7556}") = "Remote.Linq.EntityFrameworkCore", "src\Remote.Linq.EntityFrameworkCore\Remote.Linq.EntityFrameworkCore.csproj", "{CD7F5D8E-07DE-4179-A666-3EAC879748B6}"
EndProject
Project("{9A19103F-16F7-4668-BE54-9A1E7A4F7556}") = "Remote.Linq.Newtonsoft.Json", "src\Remote.Linq.Newtonsoft.Json\Remote.Linq.Newtonsoft.Json.csproj", "{FF322E8D-1D21-4F75-ACB7-F5B5B7B3F649}"
EndProject
Project("{9A19103F-16F7-4668-BE54-9A1E7A4F7556}") = "Remote.Linq.Tests", "test\Remote.Linq.Tests\Remote.Linq.Tests.csproj", "{85AE4778-A174-4C29-90D2-D245A21B299C}"
EndProject
Project("{9A19103F-16F7-4668-BE54-9A1E7A4F7556}") = "Remote.Linq.EntityFramework.Tests", "test\Remote.Linq.EntityFramework.Tests\Remote.Linq.EntityFramework.Tests.csproj", "{33B9E510-F853-4897-B8DF-E4D1448D2A94}"
EndProject
Project("{9A19103F-16F7-4668-BE54-9A1E7A4F7556}") = "Remote.Linq.EntityFrameworkCore.Tests", "test\Remote.Linq.EntityFrameworkCore.Tests\Remote.Linq.EntityFrameworkCore.Tests.csproj", "{7E8AF724-CF43-4F8D-B940-D1AA7DC3567E}"
EndProject
Project("{2150E333-8FDC-42A3-9474-1A3956D46DE8}") = ".global", ".global", "{3FB30F85-98CC-46DD-9B34-B5A41A0D5674}"
	ProjectSection(SolutionItems) = preProject
		Directory.Build.props = Directory.Build.props
		Directory.Build.targets = Directory.Build.targets
		GlobalAssemblyInfo.cs = GlobalAssemblyInfo.cs
		NuGet.config = NuGet.config
		Style.NoDoc.ruleset = Style.NoDoc.ruleset
		Style.ruleset = Style.ruleset
		Style.Tests.ruleset = Style.Tests.ruleset
		Stylecop.json = Stylecop.json
	EndProjectSection
EndProject
Project("{9A19103F-16F7-4668-BE54-9A1E7A4F7556}") = "Remote.Linq.protobuf-net", "src\Remote.Linq.protobuf-net\Remote.Linq.protobuf-net.csproj", "{619952EB-E8DE-40B7-A88E-3CDB11885A67}"
EndProject
Global
	GlobalSection(SolutionConfigurationPlatforms) = preSolution
		Debug|Any CPU = Debug|Any CPU
		Debug|ARM = Debug|ARM
		Debug|Mixed Platforms = Debug|Mixed Platforms
		Debug|x64 = Debug|x64
		Debug|x86 = Debug|x86
		Release|Any CPU = Release|Any CPU
		Release|ARM = Release|ARM
		Release|Mixed Platforms = Release|Mixed Platforms
		Release|x64 = Release|x64
		Release|x86 = Release|x86
	EndGlobalSection
	GlobalSection(ProjectConfigurationPlatforms) = postSolution
		{2E2B1850-C328-47C3-BED5-313F6E9DBB01}.Debug|Any CPU.ActiveCfg = Debug|Any CPU
		{2E2B1850-C328-47C3-BED5-313F6E9DBB01}.Debug|Any CPU.Build.0 = Debug|Any CPU
		{2E2B1850-C328-47C3-BED5-313F6E9DBB01}.Debug|ARM.ActiveCfg = Debug|Any CPU
		{2E2B1850-C328-47C3-BED5-313F6E9DBB01}.Debug|Mixed Platforms.ActiveCfg = Debug|Any CPU
		{2E2B1850-C328-47C3-BED5-313F6E9DBB01}.Debug|Mixed Platforms.Build.0 = Debug|Any CPU
		{2E2B1850-C328-47C3-BED5-313F6E9DBB01}.Debug|x64.ActiveCfg = Debug|Any CPU
		{2E2B1850-C328-47C3-BED5-313F6E9DBB01}.Debug|x86.ActiveCfg = Debug|Any CPU
		{2E2B1850-C328-47C3-BED5-313F6E9DBB01}.Release|Any CPU.ActiveCfg = Release|Any CPU
		{2E2B1850-C328-47C3-BED5-313F6E9DBB01}.Release|Any CPU.Build.0 = Release|Any CPU
		{2E2B1850-C328-47C3-BED5-313F6E9DBB01}.Release|ARM.ActiveCfg = Release|Any CPU
		{2E2B1850-C328-47C3-BED5-313F6E9DBB01}.Release|Mixed Platforms.ActiveCfg = Release|Any CPU
		{2E2B1850-C328-47C3-BED5-313F6E9DBB01}.Release|Mixed Platforms.Build.0 = Release|Any CPU
		{2E2B1850-C328-47C3-BED5-313F6E9DBB01}.Release|x64.ActiveCfg = Release|Any CPU
		{2E2B1850-C328-47C3-BED5-313F6E9DBB01}.Release|x86.ActiveCfg = Release|Any CPU
		{27CF691E-0FD4-4C61-826D-EA46D256AE78}.Debug|Any CPU.ActiveCfg = Debug|Any CPU
		{27CF691E-0FD4-4C61-826D-EA46D256AE78}.Debug|Any CPU.Build.0 = Debug|Any CPU
		{27CF691E-0FD4-4C61-826D-EA46D256AE78}.Debug|ARM.ActiveCfg = Debug|Any CPU
		{27CF691E-0FD4-4C61-826D-EA46D256AE78}.Debug|ARM.Build.0 = Debug|Any CPU
		{27CF691E-0FD4-4C61-826D-EA46D256AE78}.Debug|Mixed Platforms.ActiveCfg = Debug|Any CPU
		{27CF691E-0FD4-4C61-826D-EA46D256AE78}.Debug|Mixed Platforms.Build.0 = Debug|Any CPU
		{27CF691E-0FD4-4C61-826D-EA46D256AE78}.Debug|x64.ActiveCfg = Debug|Any CPU
		{27CF691E-0FD4-4C61-826D-EA46D256AE78}.Debug|x64.Build.0 = Debug|Any CPU
		{27CF691E-0FD4-4C61-826D-EA46D256AE78}.Debug|x86.ActiveCfg = Debug|Any CPU
		{27CF691E-0FD4-4C61-826D-EA46D256AE78}.Debug|x86.Build.0 = Debug|Any CPU
		{27CF691E-0FD4-4C61-826D-EA46D256AE78}.Release|Any CPU.ActiveCfg = Release|Any CPU
		{27CF691E-0FD4-4C61-826D-EA46D256AE78}.Release|Any CPU.Build.0 = Release|Any CPU
		{27CF691E-0FD4-4C61-826D-EA46D256AE78}.Release|ARM.ActiveCfg = Release|Any CPU
		{27CF691E-0FD4-4C61-826D-EA46D256AE78}.Release|ARM.Build.0 = Release|Any CPU
		{27CF691E-0FD4-4C61-826D-EA46D256AE78}.Release|Mixed Platforms.ActiveCfg = Release|Any CPU
		{27CF691E-0FD4-4C61-826D-EA46D256AE78}.Release|Mixed Platforms.Build.0 = Release|Any CPU
		{27CF691E-0FD4-4C61-826D-EA46D256AE78}.Release|x64.ActiveCfg = Release|Any CPU
		{27CF691E-0FD4-4C61-826D-EA46D256AE78}.Release|x64.Build.0 = Release|Any CPU
		{27CF691E-0FD4-4C61-826D-EA46D256AE78}.Release|x86.ActiveCfg = Release|Any CPU
		{27CF691E-0FD4-4C61-826D-EA46D256AE78}.Release|x86.Build.0 = Release|Any CPU
		{CD7F5D8E-07DE-4179-A666-3EAC879748B6}.Debug|Any CPU.ActiveCfg = Debug|Any CPU
		{CD7F5D8E-07DE-4179-A666-3EAC879748B6}.Debug|Any CPU.Build.0 = Debug|Any CPU
		{CD7F5D8E-07DE-4179-A666-3EAC879748B6}.Debug|ARM.ActiveCfg = Debug|Any CPU
		{CD7F5D8E-07DE-4179-A666-3EAC879748B6}.Debug|ARM.Build.0 = Debug|Any CPU
		{CD7F5D8E-07DE-4179-A666-3EAC879748B6}.Debug|Mixed Platforms.ActiveCfg = Debug|Any CPU
		{CD7F5D8E-07DE-4179-A666-3EAC879748B6}.Debug|Mixed Platforms.Build.0 = Debug|Any CPU
		{CD7F5D8E-07DE-4179-A666-3EAC879748B6}.Debug|x64.ActiveCfg = Debug|Any CPU
		{CD7F5D8E-07DE-4179-A666-3EAC879748B6}.Debug|x64.Build.0 = Debug|Any CPU
		{CD7F5D8E-07DE-4179-A666-3EAC879748B6}.Debug|x86.ActiveCfg = Debug|Any CPU
		{CD7F5D8E-07DE-4179-A666-3EAC879748B6}.Debug|x86.Build.0 = Debug|Any CPU
		{CD7F5D8E-07DE-4179-A666-3EAC879748B6}.Release|Any CPU.ActiveCfg = Release|Any CPU
		{CD7F5D8E-07DE-4179-A666-3EAC879748B6}.Release|Any CPU.Build.0 = Release|Any CPU
		{CD7F5D8E-07DE-4179-A666-3EAC879748B6}.Release|ARM.ActiveCfg = Release|Any CPU
		{CD7F5D8E-07DE-4179-A666-3EAC879748B6}.Release|ARM.Build.0 = Release|Any CPU
		{CD7F5D8E-07DE-4179-A666-3EAC879748B6}.Release|Mixed Platforms.ActiveCfg = Release|Any CPU
		{CD7F5D8E-07DE-4179-A666-3EAC879748B6}.Release|Mixed Platforms.Build.0 = Release|Any CPU
		{CD7F5D8E-07DE-4179-A666-3EAC879748B6}.Release|x64.ActiveCfg = Release|Any CPU
		{CD7F5D8E-07DE-4179-A666-3EAC879748B6}.Release|x64.Build.0 = Release|Any CPU
		{CD7F5D8E-07DE-4179-A666-3EAC879748B6}.Release|x86.ActiveCfg = Release|Any CPU
		{CD7F5D8E-07DE-4179-A666-3EAC879748B6}.Release|x86.Build.0 = Release|Any CPU
		{FF322E8D-1D21-4F75-ACB7-F5B5B7B3F649}.Debug|Any CPU.ActiveCfg = Debug|Any CPU
		{FF322E8D-1D21-4F75-ACB7-F5B5B7B3F649}.Debug|Any CPU.Build.0 = Debug|Any CPU
		{FF322E8D-1D21-4F75-ACB7-F5B5B7B3F649}.Debug|ARM.ActiveCfg = Debug|Any CPU
		{FF322E8D-1D21-4F75-ACB7-F5B5B7B3F649}.Debug|ARM.Build.0 = Debug|Any CPU
		{FF322E8D-1D21-4F75-ACB7-F5B5B7B3F649}.Debug|Mixed Platforms.ActiveCfg = Debug|Any CPU
		{FF322E8D-1D21-4F75-ACB7-F5B5B7B3F649}.Debug|Mixed Platforms.Build.0 = Debug|Any CPU
		{FF322E8D-1D21-4F75-ACB7-F5B5B7B3F649}.Debug|x64.ActiveCfg = Debug|Any CPU
		{FF322E8D-1D21-4F75-ACB7-F5B5B7B3F649}.Debug|x64.Build.0 = Debug|Any CPU
		{FF322E8D-1D21-4F75-ACB7-F5B5B7B3F649}.Debug|x86.ActiveCfg = Debug|Any CPU
		{FF322E8D-1D21-4F75-ACB7-F5B5B7B3F649}.Debug|x86.Build.0 = Debug|Any CPU
		{FF322E8D-1D21-4F75-ACB7-F5B5B7B3F649}.Release|Any CPU.ActiveCfg = Release|Any CPU
		{FF322E8D-1D21-4F75-ACB7-F5B5B7B3F649}.Release|Any CPU.Build.0 = Release|Any CPU
		{FF322E8D-1D21-4F75-ACB7-F5B5B7B3F649}.Release|ARM.ActiveCfg = Release|Any CPU
		{FF322E8D-1D21-4F75-ACB7-F5B5B7B3F649}.Release|ARM.Build.0 = Release|Any CPU
		{FF322E8D-1D21-4F75-ACB7-F5B5B7B3F649}.Release|Mixed Platforms.ActiveCfg = Release|Any CPU
		{FF322E8D-1D21-4F75-ACB7-F5B5B7B3F649}.Release|Mixed Platforms.Build.0 = Release|Any CPU
		{FF322E8D-1D21-4F75-ACB7-F5B5B7B3F649}.Release|x64.ActiveCfg = Release|Any CPU
		{FF322E8D-1D21-4F75-ACB7-F5B5B7B3F649}.Release|x64.Build.0 = Release|Any CPU
		{FF322E8D-1D21-4F75-ACB7-F5B5B7B3F649}.Release|x86.ActiveCfg = Release|Any CPU
		{FF322E8D-1D21-4F75-ACB7-F5B5B7B3F649}.Release|x86.Build.0 = Release|Any CPU
		{85AE4778-A174-4C29-90D2-D245A21B299C}.Debug|Any CPU.ActiveCfg = Debug|Any CPU
		{85AE4778-A174-4C29-90D2-D245A21B299C}.Debug|Any CPU.Build.0 = Debug|Any CPU
		{85AE4778-A174-4C29-90D2-D245A21B299C}.Debug|ARM.ActiveCfg = Debug|Any CPU
		{85AE4778-A174-4C29-90D2-D245A21B299C}.Debug|Mixed Platforms.ActiveCfg = Debug|Any CPU
		{85AE4778-A174-4C29-90D2-D245A21B299C}.Debug|Mixed Platforms.Build.0 = Debug|Any CPU
		{85AE4778-A174-4C29-90D2-D245A21B299C}.Debug|x64.ActiveCfg = Debug|Any CPU
		{85AE4778-A174-4C29-90D2-D245A21B299C}.Debug|x86.ActiveCfg = Debug|Any CPU
		{85AE4778-A174-4C29-90D2-D245A21B299C}.Release|Any CPU.ActiveCfg = Release|Any CPU
		{85AE4778-A174-4C29-90D2-D245A21B299C}.Release|Any CPU.Build.0 = Release|Any CPU
		{85AE4778-A174-4C29-90D2-D245A21B299C}.Release|ARM.ActiveCfg = Release|Any CPU
		{85AE4778-A174-4C29-90D2-D245A21B299C}.Release|Mixed Platforms.ActiveCfg = Release|Any CPU
		{85AE4778-A174-4C29-90D2-D245A21B299C}.Release|Mixed Platforms.Build.0 = Release|Any CPU
		{85AE4778-A174-4C29-90D2-D245A21B299C}.Release|x64.ActiveCfg = Release|Any CPU
		{85AE4778-A174-4C29-90D2-D245A21B299C}.Release|x86.ActiveCfg = Release|Any CPU
		{33B9E510-F853-4897-B8DF-E4D1448D2A94}.Debug|Any CPU.ActiveCfg = Debug|Any CPU
		{33B9E510-F853-4897-B8DF-E4D1448D2A94}.Debug|Any CPU.Build.0 = Debug|Any CPU
		{33B9E510-F853-4897-B8DF-E4D1448D2A94}.Debug|ARM.ActiveCfg = Debug|Any CPU
		{33B9E510-F853-4897-B8DF-E4D1448D2A94}.Debug|ARM.Build.0 = Debug|Any CPU
		{33B9E510-F853-4897-B8DF-E4D1448D2A94}.Debug|Mixed Platforms.ActiveCfg = Debug|Any CPU
		{33B9E510-F853-4897-B8DF-E4D1448D2A94}.Debug|Mixed Platforms.Build.0 = Debug|Any CPU
		{33B9E510-F853-4897-B8DF-E4D1448D2A94}.Debug|x64.ActiveCfg = Debug|Any CPU
		{33B9E510-F853-4897-B8DF-E4D1448D2A94}.Debug|x64.Build.0 = Debug|Any CPU
		{33B9E510-F853-4897-B8DF-E4D1448D2A94}.Debug|x86.ActiveCfg = Debug|Any CPU
		{33B9E510-F853-4897-B8DF-E4D1448D2A94}.Debug|x86.Build.0 = Debug|Any CPU
		{33B9E510-F853-4897-B8DF-E4D1448D2A94}.Release|Any CPU.ActiveCfg = Release|Any CPU
		{33B9E510-F853-4897-B8DF-E4D1448D2A94}.Release|Any CPU.Build.0 = Release|Any CPU
		{33B9E510-F853-4897-B8DF-E4D1448D2A94}.Release|ARM.ActiveCfg = Release|Any CPU
		{33B9E510-F853-4897-B8DF-E4D1448D2A94}.Release|ARM.Build.0 = Release|Any CPU
		{33B9E510-F853-4897-B8DF-E4D1448D2A94}.Release|Mixed Platforms.ActiveCfg = Release|Any CPU
		{33B9E510-F853-4897-B8DF-E4D1448D2A94}.Release|Mixed Platforms.Build.0 = Release|Any CPU
		{33B9E510-F853-4897-B8DF-E4D1448D2A94}.Release|x64.ActiveCfg = Release|Any CPU
		{33B9E510-F853-4897-B8DF-E4D1448D2A94}.Release|x64.Build.0 = Release|Any CPU
		{33B9E510-F853-4897-B8DF-E4D1448D2A94}.Release|x86.ActiveCfg = Release|Any CPU
		{33B9E510-F853-4897-B8DF-E4D1448D2A94}.Release|x86.Build.0 = Release|Any CPU
		{7E8AF724-CF43-4F8D-B940-D1AA7DC3567E}.Debug|Any CPU.ActiveCfg = Debug|Any CPU
		{7E8AF724-CF43-4F8D-B940-D1AA7DC3567E}.Debug|Any CPU.Build.0 = Debug|Any CPU
		{7E8AF724-CF43-4F8D-B940-D1AA7DC3567E}.Debug|ARM.ActiveCfg = Debug|Any CPU
		{7E8AF724-CF43-4F8D-B940-D1AA7DC3567E}.Debug|ARM.Build.0 = Debug|Any CPU
		{7E8AF724-CF43-4F8D-B940-D1AA7DC3567E}.Debug|Mixed Platforms.ActiveCfg = Debug|Any CPU
		{7E8AF724-CF43-4F8D-B940-D1AA7DC3567E}.Debug|Mixed Platforms.Build.0 = Debug|Any CPU
		{7E8AF724-CF43-4F8D-B940-D1AA7DC3567E}.Debug|x64.ActiveCfg = Debug|Any CPU
		{7E8AF724-CF43-4F8D-B940-D1AA7DC3567E}.Debug|x64.Build.0 = Debug|Any CPU
		{7E8AF724-CF43-4F8D-B940-D1AA7DC3567E}.Debug|x86.ActiveCfg = Debug|Any CPU
		{7E8AF724-CF43-4F8D-B940-D1AA7DC3567E}.Debug|x86.Build.0 = Debug|Any CPU
		{7E8AF724-CF43-4F8D-B940-D1AA7DC3567E}.Release|Any CPU.ActiveCfg = Release|Any CPU
		{7E8AF724-CF43-4F8D-B940-D1AA7DC3567E}.Release|Any CPU.Build.0 = Release|Any CPU
		{7E8AF724-CF43-4F8D-B940-D1AA7DC3567E}.Release|ARM.ActiveCfg = Release|Any CPU
		{7E8AF724-CF43-4F8D-B940-D1AA7DC3567E}.Release|ARM.Build.0 = Release|Any CPU
		{7E8AF724-CF43-4F8D-B940-D1AA7DC3567E}.Release|Mixed Platforms.ActiveCfg = Release|Any CPU
		{7E8AF724-CF43-4F8D-B940-D1AA7DC3567E}.Release|Mixed Platforms.Build.0 = Release|Any CPU
		{7E8AF724-CF43-4F8D-B940-D1AA7DC3567E}.Release|x64.ActiveCfg = Release|Any CPU
		{7E8AF724-CF43-4F8D-B940-D1AA7DC3567E}.Release|x64.Build.0 = Release|Any CPU
		{7E8AF724-CF43-4F8D-B940-D1AA7DC3567E}.Release|x86.ActiveCfg = Release|Any CPU
		{7E8AF724-CF43-4F8D-B940-D1AA7DC3567E}.Release|x86.Build.0 = Release|Any CPU
		{619952EB-E8DE-40B7-A88E-3CDB11885A67}.Debug|Any CPU.ActiveCfg = Debug|Any CPU
		{619952EB-E8DE-40B7-A88E-3CDB11885A67}.Debug|Any CPU.Build.0 = Debug|Any CPU
		{619952EB-E8DE-40B7-A88E-3CDB11885A67}.Debug|ARM.ActiveCfg = Debug|Any CPU
		{619952EB-E8DE-40B7-A88E-3CDB11885A67}.Debug|ARM.Build.0 = Debug|Any CPU
		{619952EB-E8DE-40B7-A88E-3CDB11885A67}.Debug|Mixed Platforms.ActiveCfg = Debug|Any CPU
		{619952EB-E8DE-40B7-A88E-3CDB11885A67}.Debug|Mixed Platforms.Build.0 = Debug|Any CPU
		{619952EB-E8DE-40B7-A88E-3CDB11885A67}.Debug|x64.ActiveCfg = Debug|Any CPU
		{619952EB-E8DE-40B7-A88E-3CDB11885A67}.Debug|x64.Build.0 = Debug|Any CPU
		{619952EB-E8DE-40B7-A88E-3CDB11885A67}.Debug|x86.ActiveCfg = Debug|Any CPU
		{619952EB-E8DE-40B7-A88E-3CDB11885A67}.Debug|x86.Build.0 = Debug|Any CPU
		{619952EB-E8DE-40B7-A88E-3CDB11885A67}.Release|Any CPU.ActiveCfg = Release|Any CPU
		{619952EB-E8DE-40B7-A88E-3CDB11885A67}.Release|Any CPU.Build.0 = Release|Any CPU
		{619952EB-E8DE-40B7-A88E-3CDB11885A67}.Release|ARM.ActiveCfg = Release|Any CPU
		{619952EB-E8DE-40B7-A88E-3CDB11885A67}.Release|ARM.Build.0 = Release|Any CPU
		{619952EB-E8DE-40B7-A88E-3CDB11885A67}.Release|Mixed Platforms.ActiveCfg = Release|Any CPU
		{619952EB-E8DE-40B7-A88E-3CDB11885A67}.Release|Mixed Platforms.Build.0 = Release|Any CPU
		{619952EB-E8DE-40B7-A88E-3CDB11885A67}.Release|x64.ActiveCfg = Release|Any CPU
		{619952EB-E8DE-40B7-A88E-3CDB11885A67}.Release|x64.Build.0 = Release|Any CPU
		{619952EB-E8DE-40B7-A88E-3CDB11885A67}.Release|x86.ActiveCfg = Release|Any CPU
		{619952EB-E8DE-40B7-A88E-3CDB11885A67}.Release|x86.Build.0 = Release|Any CPU
	EndGlobalSection
	GlobalSection(SolutionProperties) = preSolution
		HideSolutionNode = FALSE
	EndGlobalSection
	GlobalSection(NestedProjects) = preSolution
		{2E2B1850-C328-47C3-BED5-313F6E9DBB01} = {0BC2CB05-0651-45C9-A601-630C1FC7EDBE}
		{27CF691E-0FD4-4C61-826D-EA46D256AE78} = {0BC2CB05-0651-45C9-A601-630C1FC7EDBE}
		{CD7F5D8E-07DE-4179-A666-3EAC879748B6} = {0BC2CB05-0651-45C9-A601-630C1FC7EDBE}
		{FF322E8D-1D21-4F75-ACB7-F5B5B7B3F649} = {0BC2CB05-0651-45C9-A601-630C1FC7EDBE}
		{85AE4778-A174-4C29-90D2-D245A21B299C} = {C0DCE22E-09EB-4152-93FD-A54582B2C4BC}
		{33B9E510-F853-4897-B8DF-E4D1448D2A94} = {C0DCE22E-09EB-4152-93FD-A54582B2C4BC}
		{7E8AF724-CF43-4F8D-B940-D1AA7DC3567E} = {C0DCE22E-09EB-4152-93FD-A54582B2C4BC}
		{619952EB-E8DE-40B7-A88E-3CDB11885A67} = {0BC2CB05-0651-45C9-A601-630C1FC7EDBE}
	EndGlobalSection
	GlobalSection(ExtensibilityGlobals) = postSolution
		SolutionGuid = {57EEEFC8-5797-4114-ACC5-F55EE969C00F}
	EndGlobalSection
EndGlobal
