
Microsoft Visual Studio Solution File, Format Version 12.00
# Visual Studio Version 17
VisualStudioVersion = 17.8.34330.188
MinimumVisualStudioVersion = 10.0.40219.1
Project("{2150E333-8FDC-42A3-9474-1A3956D46DE8}") = ".global", ".global", "{CB574439-B161-4CFC-A7D2-3F1DDF653FBA}"
	ProjectSection(SolutionItems) = preProject
		Directory.Build.props = Directory.Build.props
		Directory.Build.targets = Directory.Build.targets
		nuget.config = nuget.config
	EndProjectSection
EndProject
Project("{2150E333-8FDC-42A3-9474-1A3956D46DE8}") = ".shared", ".shared", "{87246F87-A336-4879-ACA8-CB88406C078D}"
	ProjectSection(SolutionItems) = preProject
		samples\Directory.Build.props = samples\Directory.Build.props
		samples\Directory.Build.targets = samples\Directory.Build.targets
	EndProjectSection
EndProject
Project("{2150E333-8FDC-42A3-9474-1A3956D46DE8}") = ".framework", ".framework", "{8687346F-A492-4A8F-8F8F-637FAE0CE439}"
EndProject
Project("{9A19103F-16F7-4668-BE54-9A1E7A4F7556}") = "Remote.Linq", "src\Remote.Linq\Remote.Linq.csproj", "{D1C0B20F-C6DC-46B1-938D-38337396878B}"
EndProject
Project("{9A19103F-16F7-4668-BE54-9A1E7A4F7556}") = "Remote.Linq.Async.Queryable", "src\Remote.Linq.Async.Queryable\Remote.Linq.Async.Queryable.csproj", "{01A4A29F-67D2-44CF-AE88-B7F19AEFDBE8}"
EndProject
Project("{9A19103F-16F7-4668-BE54-9A1E7A4F7556}") = "Remote.Linq.EntityFramework", "src\Remote.Linq.EntityFramework\Remote.Linq.EntityFramework.csproj", "{122A5C84-ED67-4789-A9C0-EBB7A1AC3896}"
EndProject
Project("{9A19103F-16F7-4668-BE54-9A1E7A4F7556}") = "Remote.Linq.EntityFrameworkCore", "src\Remote.Linq.EntityFrameworkCore\Remote.Linq.EntityFrameworkCore.csproj", "{30401A7C-5B2E-47D5-8DB4-450629A9C863}"
EndProject
Project("{9A19103F-16F7-4668-BE54-9A1E7A4F7556}") = "Remote.Linq.Newtonsoft.Json", "src\Remote.Linq.Newtonsoft.Json\Remote.Linq.Newtonsoft.Json.csproj", "{B7F2B77F-436A-478B-832E-36B84D4E9655}"
EndProject
Project("{9A19103F-16F7-4668-BE54-9A1E7A4F7556}") = "Remote.Linq.protobuf-net", "src\Remote.Linq.protobuf-net\Remote.Linq.protobuf-net.csproj", "{076D298F-C2CB-4BB6-9075-5277DC963C19}"
EndProject
Project("{9A19103F-16F7-4668-BE54-9A1E7A4F7556}") = "Remote.Linq.Text.Json", "src\Remote.Linq.Text.Json\Remote.Linq.Text.Json.csproj", "{BFD2C0C3-9474-466D-9438-2E427852ED61}"
EndProject
Project("{2150E333-8FDC-42A3-9474-1A3956D46DE8}") = "00_SimpleRemoteQuery", "00_SimpleRemoteQuery", "{692E4FD8-80B0-4AAF-AE58-3934D0247CAA}"
	ProjectSection(SolutionItems) = preProject
		samples\00_SimpleRemoteQuery\README.md = samples\00_SimpleRemoteQuery\README.md
	EndProjectSection
EndProject
Project("{9A19103F-16F7-4668-BE54-9A1E7A4F7556}") = "DemoStartUp", "samples\00_SimpleRemoteQuery\DemoStartUp\DemoStartUp.csproj", "{4F282572-47A1-40D9-BDC2-D0ED25B84891}"
EndProject
Project("{9A19103F-16F7-4668-BE54-9A1E7A4F7556}") = "Client", "samples\00_SimpleRemoteQuery\Client\Client.csproj", "{25D6C93B-EF21-4105-8315-67933AC28382}"
EndProject
Project("{9A19103F-16F7-4668-BE54-9A1E7A4F7556}") = "Common", "samples\00_SimpleRemoteQuery\Common\Common.csproj", "{CB28B4BB-4459-43D3-875B-9E861CC1A79B}"
EndProject
Project("{9A19103F-16F7-4668-BE54-9A1E7A4F7556}") = "Server", "samples\00_SimpleRemoteQuery\Server\Server.csproj", "{2765F030-24A7-4AB7-9482-EE253E1C171F}"
EndProject
Project("{2150E333-8FDC-42A3-9474-1A3956D46DE8}") = "01_RemoteQueryable_Basic", "01_RemoteQueryable_Basic", "{70F965F6-5A55-4C7D-9502-D01A308E87C6}"
EndProject
Project("{9A19103F-16F7-4668-BE54-9A1E7A4F7556}") = "Client", "samples\01_RemoteQueryable_Basic\Client\Client.csproj", "{B28D239C-372E-4793-A00B-A2022D9D2867}"
EndProject
Project("{9A19103F-16F7-4668-BE54-9A1E7A4F7556}") = "Common", "samples\01_RemoteQueryable_Basic\Common\Common.csproj", "{A1F1CB3B-EBD9-440D-A520-E3FB853E9818}"
EndProject
Project("{9A19103F-16F7-4668-BE54-9A1E7A4F7556}") = "DemoStartUp", "samples\01_RemoteQueryable_Basic\DemoStartUp\DemoStartUp.csproj", "{4D7C80A8-1BAF-447D-BF37-62DA11F4F79C}"
EndProject
Project("{9A19103F-16F7-4668-BE54-9A1E7A4F7556}") = "Server", "samples\01_RemoteQueryable_Basic\Server\Server.csproj", "{6103BAB0-52F8-4267-BC60-1DBA76709CAA}"
EndProject
Project("{2150E333-8FDC-42A3-9474-1A3956D46DE8}") = "02_RemoteQueryable_Async", "02_RemoteQueryable_Async", "{9A21BBB2-7261-4D37-98D3-74CCAF4FC0B2}"
EndProject
Project("{9A19103F-16F7-4668-BE54-9A1E7A4F7556}") = "Client", "samples\02_RemoteQueryable_Async\Client\Client.csproj", "{6EB98CB4-E754-4CA8-8A21-C948E4A91560}"
EndProject
Project("{9A19103F-16F7-4668-BE54-9A1E7A4F7556}") = "Common", "samples\02_RemoteQueryable_Async\Common\Common.csproj", "{8EEE1959-06B5-4FA3-91D6-FD3AFD2450B8}"
EndProject
Project("{9A19103F-16F7-4668-BE54-9A1E7A4F7556}") = "DemoStartUp", "samples\02_RemoteQueryable_Async\DemoStartUp\DemoStartUp.csproj", "{88AC9DC4-0879-439A-B77F-920DA633D825}"
EndProject
Project("{9A19103F-16F7-4668-BE54-9A1E7A4F7556}") = "Server", "samples\02_RemoteQueryable_Async\Server\Server.csproj", "{81DF0D09-821F-404E-B2B5-3DC56733C978}"
EndProject
Project("{2150E333-8FDC-42A3-9474-1A3956D46DE8}") = "10_RemoteQueryable_DynamicObjectWithKnownTypes", "10_RemoteQueryable_DynamicObjectWithKnownTypes", "{E27FC46E-8BCA-4F9B-A694-E2867FCF23A0}"
EndProject
Project("{9A19103F-16F7-4668-BE54-9A1E7A4F7556}") = "Client", "samples\10_RemoteQueryable_DynamicObjectWithKnownTypes\Client\Client.csproj", "{9F812E66-23AC-4DF0-9FB0-9BC8E3325CB8}"
EndProject
Project("{9A19103F-16F7-4668-BE54-9A1E7A4F7556}") = "Common", "samples\10_RemoteQueryable_DynamicObjectWithKnownTypes\Common\Common.csproj", "{52ADD556-577F-47E6-ADCF-C08D1C1A2131}"
EndProject
Project("{9A19103F-16F7-4668-BE54-9A1E7A4F7556}") = "DemoStartUp", "samples\10_RemoteQueryable_DynamicObjectWithKnownTypes\DemoStartUp\DemoStartUp.csproj", "{A78300EE-E0D9-4AFF-BBD5-C0FE193A8659}"
EndProject
Project("{9A19103F-16F7-4668-BE54-9A1E7A4F7556}") = "Server", "samples\10_RemoteQueryable_DynamicObjectWithKnownTypes\Server\Server.csproj", "{DBD7BE55-A939-4865-BA02-51180E1BF9C7}"
EndProject
Project("{2150E333-8FDC-42A3-9474-1A3956D46DE8}") = "11_RemoteQueryable_CustomResultHandler", "11_RemoteQueryable_CustomResultHandler", "{C046B71A-C09D-4F3C-8B83-E848BFBEB9CF}"
	ProjectSection(SolutionItems) = preProject
		samples\11_RemoteQueryable_CustomResultHandler\README.md = samples\11_RemoteQueryable_CustomResultHandler\README.md
	EndProjectSection
EndProject
Project("{9A19103F-16F7-4668-BE54-9A1E7A4F7556}") = "Client", "samples\11_RemoteQueryable_CustomResultHandler\Client\Client.csproj", "{11B76CF7-E1FF-43BF-9266-31CE01DDBD8F}"
EndProject
Project("{9A19103F-16F7-4668-BE54-9A1E7A4F7556}") = "Common", "samples\11_RemoteQueryable_CustomResultHandler\Common\Common.csproj", "{598BFF94-DCBB-4D45-B817-606AD45C58DC}"
EndProject
Project("{9A19103F-16F7-4668-BE54-9A1E7A4F7556}") = "DemoStartUp", "samples\11_RemoteQueryable_CustomResultHandler\DemoStartUp\DemoStartUp.csproj", "{04FC1811-42F1-4A89-9585-2D768F587CB0}"
EndProject
Project("{9A19103F-16F7-4668-BE54-9A1E7A4F7556}") = "Server", "samples\11_RemoteQueryable_CustomResultHandler\Server\Server.csproj", "{3CD3C5E5-EBD9-4B8C-BCB1-ACD97FBEDB70}"
EndProject
Project("{2150E333-8FDC-42A3-9474-1A3956D46DE8}") = "12_RemoteQueryable_CustomTypeResolver", "12_RemoteQueryable_CustomTypeResolver", "{D3DDA0FA-DBD2-4ADB-B4AF-269FABA2D8C0}"
EndProject
Project("{9A19103F-16F7-4668-BE54-9A1E7A4F7556}") = "Client", "samples\12_RemoteQueryable_CustomTypeResolver\Client\Client.csproj", "{DBA833E2-8DDF-405E-8D17-5404577B975B}"
EndProject
Project("{9A19103F-16F7-4668-BE54-9A1E7A4F7556}") = "Common", "samples\12_RemoteQueryable_CustomTypeResolver\Common\Common.csproj", "{A7A915A6-E058-4796-8F2C-2B0540A7FE9B}"
EndProject
Project("{9A19103F-16F7-4668-BE54-9A1E7A4F7556}") = "DemoStartUp", "samples\12_RemoteQueryable_CustomTypeResolver\DemoStartUp\DemoStartUp.csproj", "{7BAEE2D5-038E-4FC1-9864-6CD994F1B1E0}"
EndProject
Project("{9A19103F-16F7-4668-BE54-9A1E7A4F7556}") = "Server", "samples\12_RemoteQueryable_CustomTypeResolver\Server\Server.csproj", "{88A2B943-235B-40D2-A338-C43AF47D2A9E}"
EndProject
Project("{2150E333-8FDC-42A3-9474-1A3956D46DE8}") = "13_RemoteQueryable_ServerDefinedProjection", "13_RemoteQueryable_ServerDefinedProjection", "{F96F9950-06A6-4DDF-B133-DD108126A3DA}"
EndProject
Project("{9A19103F-16F7-4668-BE54-9A1E7A4F7556}") = "Client", "samples\13_RemoteQueryable_ServerDefinedProjection\Client\Client.csproj", "{B19A8E74-14A9-42C3-99B5-DA08567C8E63}"
EndProject
Project("{9A19103F-16F7-4668-BE54-9A1E7A4F7556}") = "Common", "samples\13_RemoteQueryable_ServerDefinedProjection\Common\Common.csproj", "{DCB737BB-7B2A-4D0A-ADDC-7C7ABD6F10B0}"
EndProject
Project("{9A19103F-16F7-4668-BE54-9A1E7A4F7556}") = "DemoStartUp", "samples\13_RemoteQueryable_ServerDefinedProjection\DemoStartUp\DemoStartUp.csproj", "{49B9E3BA-3F07-45B5-8DC5-F95D08BF240C}"
EndProject
Project("{9A19103F-16F7-4668-BE54-9A1E7A4F7556}") = "Server", "samples\13_RemoteQueryable_ServerDefinedProjection\Server\Server.csproj", "{69645AE6-0517-4E7B-B293-B37BDE278C85}"
EndProject
Project("{2150E333-8FDC-42A3-9474-1A3956D46DE8}") = "14_RemoteQueryable_Compression", "14_RemoteQueryable_Compression", "{8E9A1CB0-00D0-4E98-8D06-43B353DF2B78}"
EndProject
Project("{9A19103F-16F7-4668-BE54-9A1E7A4F7556}") = "Client", "samples\14_RemoteQueryable_Compression\Client\Client.csproj", "{D8F636FB-DE9F-4482-80C1-ED66CC92DEB9}"
EndProject
Project("{9A19103F-16F7-4668-BE54-9A1E7A4F7556}") = "Common", "samples\14_RemoteQueryable_Compression\Common\Common.csproj", "{FD5D94C8-1C12-4E45-B565-965C38A295D0}"
EndProject
Project("{9A19103F-16F7-4668-BE54-9A1E7A4F7556}") = "DemoStartUp", "samples\14_RemoteQueryable_Compression\DemoStartUp\DemoStartUp.csproj", "{A0DD7A7C-7022-4FE4-A3AD-18BD82BB5679}"
EndProject
Project("{9A19103F-16F7-4668-BE54-9A1E7A4F7556}") = "Server", "samples\14_RemoteQueryable_Compression\Server\Server.csproj", "{8EAC5502-9E29-45ED-80D2-0A0A3107B0F9}"
EndProject
Project("{2150E333-8FDC-42A3-9474-1A3956D46DE8}") = "15_RemoteQueryable_ModelAbstraction", "15_RemoteQueryable_ModelAbstraction", "{2EC1959F-D673-407F-AD20-4615CA731CC7}"
EndProject
Project("{9A19103F-16F7-4668-BE54-9A1E7A4F7556}") = "Client", "samples\15_RemoteQueryable_ModelAbstraction\Client\Client.csproj", "{B6B42260-816E-4883-9F4F-E175E0C9FA75}"
EndProject
Project("{9A19103F-16F7-4668-BE54-9A1E7A4F7556}") = "Common", "samples\15_RemoteQueryable_ModelAbstraction\Common\Common.csproj", "{F9A97154-E804-47D5-99A9-4867BC43CAB5}"
EndProject
Project("{9A19103F-16F7-4668-BE54-9A1E7A4F7556}") = "DemoStartUp", "samples\15_RemoteQueryable_ModelAbstraction\DemoStartUp\DemoStartUp.csproj", "{185DCBE9-E138-46AB-B71B-DA59462EDBC4}"
EndProject
Project("{9A19103F-16F7-4668-BE54-9A1E7A4F7556}") = "Server", "samples\15_RemoteQueryable_ModelAbstraction\Server\Server.csproj", "{9C13073B-998A-4C9D-9DFE-4882000BF9DF}"
EndProject
Project("{2150E333-8FDC-42A3-9474-1A3956D46DE8}") = "20_RemoteQueryable_UsingBinarySerializationOverTcp", "20_RemoteQueryable_UsingBinarySerializationOverTcp", "{890EFF0D-45BF-47E1-A106-8732D6B1DF42}"
EndProject
Project("{9A19103F-16F7-4668-BE54-9A1E7A4F7556}") = "Client", "samples\20_RemoteQueryable_UsingBinarySerializationOverTcp\Client\Client.csproj", "{17B7641C-BED4-4A33-8D36-F2E79A4853E4}"
EndProject
Project("{9A19103F-16F7-4668-BE54-9A1E7A4F7556}") = "Common", "samples\20_RemoteQueryable_UsingBinarySerializationOverTcp\Common\Common.csproj", "{530784B1-66D7-4050-B9C3-CD42E8DA2A85}"
EndProject
Project("{9A19103F-16F7-4668-BE54-9A1E7A4F7556}") = "DemoStartUp", "samples\20_RemoteQueryable_UsingBinarySerializationOverTcp\DemoStartUp\DemoStartUp.csproj", "{312AEF40-259A-4992-9A4A-144911DD4E67}"
EndProject
Project("{9A19103F-16F7-4668-BE54-9A1E7A4F7556}") = "Server", "samples\20_RemoteQueryable_UsingBinarySerializationOverTcp\Server\Server.csproj", "{B15D3E79-AE6E-4ABD-A27C-1802698B4D86}"
EndProject
Project("{2150E333-8FDC-42A3-9474-1A3956D46DE8}") = "21_RemoteQueryable_UsingBinarySerializationOverTcpAsync", "21_RemoteQueryable_UsingBinarySerializationOverTcpAsync", "{BB96643C-66FF-4FE5-8498-9EADAD0A46C7}"
EndProject
Project("{9A19103F-16F7-4668-BE54-9A1E7A4F7556}") = "Client", "samples\21_RemoteQueryable_UsingBinarySerializationOverTcpAsync\Client\Client.csproj", "{5A9E46BD-7745-4904-87A4-41C75C6BC87C}"
EndProject
Project("{9A19103F-16F7-4668-BE54-9A1E7A4F7556}") = "Common", "samples\21_RemoteQueryable_UsingBinarySerializationOverTcpAsync\Common\Common.csproj", "{AED8CF0E-711B-4A70-8F7A-9F0B8BFE1A46}"
EndProject
Project("{9A19103F-16F7-4668-BE54-9A1E7A4F7556}") = "DemoStartUp", "samples\21_RemoteQueryable_UsingBinarySerializationOverTcpAsync\DemoStartUp\DemoStartUp.csproj", "{5CEAB9FD-A0DF-42D5-A836-7A24330125D0}"
EndProject
Project("{9A19103F-16F7-4668-BE54-9A1E7A4F7556}") = "Server", "samples\21_RemoteQueryable_UsingBinarySerializationOverTcpAsync\Server\Server.csproj", "{D66BAAB1-90CA-45E2-873B-C37A679A65FE}"
EndProject
Project("{2150E333-8FDC-42A3-9474-1A3956D46DE8}") = "22_RemoteQueryable_UsingJsonSerializationOverTcp", "22_RemoteQueryable_UsingJsonSerializationOverTcp", "{24EF6B16-399E-466E-B350-00D478DAE066}"
EndProject
Project("{9A19103F-16F7-4668-BE54-9A1E7A4F7556}") = "Client", "samples\22_RemoteQueryable_UsingJsonSerializationOverTcp\Client\Client.csproj", "{BA1B8ED4-D9BC-4E28-8CC9-BFDEF20FA75E}"
EndProject
Project("{9A19103F-16F7-4668-BE54-9A1E7A4F7556}") = "Common", "samples\22_RemoteQueryable_UsingJsonSerializationOverTcp\Common\Common.csproj", "{45573DC6-C043-46EB-A85E-C77C8A583EFA}"
EndProject
Project("{9A19103F-16F7-4668-BE54-9A1E7A4F7556}") = "DemoStartUp", "samples\22_RemoteQueryable_UsingJsonSerializationOverTcp\DemoStartUp\DemoStartUp.csproj", "{9566D24B-A976-44FD-AB52-39E62D9B4E34}"
EndProject
Project("{9A19103F-16F7-4668-BE54-9A1E7A4F7556}") = "Server", "samples\22_RemoteQueryable_UsingJsonSerializationOverTcp\Server\Server.csproj", "{6C8C6523-EC36-460E-BD34-7A67B1F97CC9}"
EndProject
Project("{2150E333-8FDC-42A3-9474-1A3956D46DE8}") = "23_RemoteQueryable_UsingJsonSerializationOverTcpAsync", "23_RemoteQueryable_UsingJsonSerializationOverTcpAsync", "{3435A1F4-8EC4-4576-AAB1-D7C37D602FC4}"
EndProject
Project("{9A19103F-16F7-4668-BE54-9A1E7A4F7556}") = "Client", "samples\23_RemoteQueryable_UsingJsonSerializationOverTcpAsync\Client\Client.csproj", "{29FA3D85-CD9E-42E7-B287-16D1020AFD23}"
EndProject
Project("{9A19103F-16F7-4668-BE54-9A1E7A4F7556}") = "Common", "samples\23_RemoteQueryable_UsingJsonSerializationOverTcpAsync\Common\Common.csproj", "{6790C662-72C9-40A8-990B-3B5E2FD00806}"
EndProject
Project("{9A19103F-16F7-4668-BE54-9A1E7A4F7556}") = "DemoStartUp", "samples\23_RemoteQueryable_UsingJsonSerializationOverTcpAsync\DemoStartUp\DemoStartUp.csproj", "{93DDD5AA-0D50-41B1-B2DB-C537EE675740}"
EndProject
Project("{9A19103F-16F7-4668-BE54-9A1E7A4F7556}") = "Server", "samples\23_RemoteQueryable_UsingJsonSerializationOverTcpAsync\Server\Server.csproj", "{D3C7C109-582D-4BBB-BF0F-D5E91D921160}"
EndProject
Project("{2150E333-8FDC-42A3-9474-1A3956D46DE8}") = "24_RemoteQueryable_UsingJsonSerializationOverWebApi", "24_RemoteQueryable_UsingJsonSerializationOverWebApi", "{CE952BA5-268B-4349-9037-3C1DC55B8E9B}"
	ProjectSection(SolutionItems) = preProject
		samples\SharedCode\netsh_http_add_urlacl.bat = samples\SharedCode\netsh_http_add_urlacl.bat
	EndProjectSection
EndProject
Project("{9A19103F-16F7-4668-BE54-9A1E7A4F7556}") = "Client", "samples\24_RemoteQueryable_UsingJsonSerializationOverWebApi\Client\Client.csproj", "{9B39FFB8-9F84-4B3C-8E57-EB3FD129DC85}"
EndProject
Project("{9A19103F-16F7-4668-BE54-9A1E7A4F7556}") = "Common", "samples\24_RemoteQueryable_UsingJsonSerializationOverWebApi\Common\Common.csproj", "{897D6EA1-B205-4591-BABB-F314B3171D5C}"
EndProject
Project("{9A19103F-16F7-4668-BE54-9A1E7A4F7556}") = "DemoStartUp", "samples\24_RemoteQueryable_UsingJsonSerializationOverWebApi\DemoStartUp\DemoStartUp.csproj", "{5B714D69-0C7A-4252-9299-2B0280856482}"
EndProject
Project("{9A19103F-16F7-4668-BE54-9A1E7A4F7556}") = "Server", "samples\24_RemoteQueryable_UsingJsonSerializationOverWebApi\Server\Server.csproj", "{C2052D46-D7DB-48FE-830E-311F140A5911}"
EndProject
Project("{2150E333-8FDC-42A3-9474-1A3956D46DE8}") = "25_RemoteQueryable_UsingXmlSerializationOverHttp", "25_RemoteQueryable_UsingXmlSerializationOverHttp", "{070CA5D2-1EA9-41E9-861F-C618AC3605EF}"
	ProjectSection(SolutionItems) = preProject
		samples\SharedCode\netsh_http_add_urlacl.bat = samples\SharedCode\netsh_http_add_urlacl.bat
	EndProjectSection
EndProject
Project("{9A19103F-16F7-4668-BE54-9A1E7A4F7556}") = "Client", "samples\25_RemoteQueryable_UsingXmlSerializationOverHttp\Client\Client.csproj", "{FFFA5302-0C71-48CC-B3C7-096B369C7B08}"
EndProject
Project("{9A19103F-16F7-4668-BE54-9A1E7A4F7556}") = "Common", "samples\25_RemoteQueryable_UsingXmlSerializationOverHttp\Common\Common.csproj", "{6A3C205A-B8F8-4EDB-B80D-BF911460AFC0}"
EndProject
Project("{9A19103F-16F7-4668-BE54-9A1E7A4F7556}") = "DemoStartUp", "samples\25_RemoteQueryable_UsingXmlSerializationOverHttp\DemoStartUp\DemoStartUp.csproj", "{E94ADF8C-A306-4E6D-9482-D4303A1A4EA7}"
EndProject
Project("{9A19103F-16F7-4668-BE54-9A1E7A4F7556}") = "Server", "samples\25_RemoteQueryable_UsingXmlSerializationOverHttp\Server\Server.csproj", "{E8BAF42A-66E2-4C7A-9CA8-C20A58E2FF0C}"
EndProject
Project("{2150E333-8FDC-42A3-9474-1A3956D46DE8}") = "26_RemoteQueryable_UsingXmlSerializationOverTcp", "26_RemoteQueryable_UsingXmlSerializationOverTcp", "{84650795-B418-423D-8E47-E8B73840AA80}"
EndProject
Project("{9A19103F-16F7-4668-BE54-9A1E7A4F7556}") = "Client", "samples\26_RemoteQueryable_UsingXmlSerializationOverTcp\Client\Client.csproj", "{C588902F-DD7E-41A0-86C2-997A082F15A6}"
EndProject
Project("{9A19103F-16F7-4668-BE54-9A1E7A4F7556}") = "Common", "samples\26_RemoteQueryable_UsingXmlSerializationOverTcp\Common\Common.csproj", "{FDAD7175-24B1-4ACD-B5EB-6403043C7B6F}"
EndProject
Project("{9A19103F-16F7-4668-BE54-9A1E7A4F7556}") = "DemoStartUp", "samples\26_RemoteQueryable_UsingXmlSerializationOverTcp\DemoStartUp\DemoStartUp.csproj", "{063216E1-CA21-4440-AC31-A85A445EED33}"
EndProject
Project("{9A19103F-16F7-4668-BE54-9A1E7A4F7556}") = "Server", "samples\26_RemoteQueryable_UsingXmlSerializationOverTcp\Server\Server.csproj", "{1E9A19E8-BB40-4C73-A3CE-CE8AAB4F70CF}"
EndProject
Project("{2150E333-8FDC-42A3-9474-1A3956D46DE8}") = "27_RemoteQueryable_UsingXmlSerializationOverWebApi", "27_RemoteQueryable_UsingXmlSerializationOverWebApi", "{1806E79F-5BEA-435D-A0EA-FC9BC43CACF2}"
	ProjectSection(SolutionItems) = preProject
		samples\SharedCode\netsh_http_add_urlacl.bat = samples\SharedCode\netsh_http_add_urlacl.bat
	EndProjectSection
EndProject
Project("{9A19103F-16F7-4668-BE54-9A1E7A4F7556}") = "Client", "samples\27_RemoteQueryable_UsingXmlSerializationOverWebApi\Client\Client.csproj", "{202FCF7A-EE20-4A0B-9E21-85AEE32BE590}"
EndProject
Project("{9A19103F-16F7-4668-BE54-9A1E7A4F7556}") = "Common", "samples\27_RemoteQueryable_UsingXmlSerializationOverWebApi\Common\Common.csproj", "{840F0339-2BB7-4E1F-BFD3-CF6C7B1B6CEF}"
EndProject
Project("{9A19103F-16F7-4668-BE54-9A1E7A4F7556}") = "DemoStartUp", "samples\27_RemoteQueryable_UsingXmlSerializationOverWebApi\DemoStartUp\DemoStartUp.csproj", "{4E3CB9B9-4C86-4A3F-95B9-4B0C21A0FD2E}"
EndProject
Project("{9A19103F-16F7-4668-BE54-9A1E7A4F7556}") = "Server", "samples\27_RemoteQueryable_UsingXmlSerializationOverWebApi\Server\Server.csproj", "{021545FF-AE47-404E-A2EC-E1754551F334}"
EndProject
Project("{2150E333-8FDC-42A3-9474-1A3956D46DE8}") = "40_RemoteQueryable_ToEntityFramework", "40_RemoteQueryable_ToEntityFramework", "{2BF5F1E7-296E-4D25-B756-5798E6848B95}"
EndProject
Project("{9A19103F-16F7-4668-BE54-9A1E7A4F7556}") = "Client", "samples\40_RemoteQueryable_ToEntityFramework\Client\Client.csproj", "{AAF75840-FFAB-44BA-ABD4-C541E5B4BE16}"
EndProject
Project("{9A19103F-16F7-4668-BE54-9A1E7A4F7556}") = "Common", "samples\40_RemoteQueryable_ToEntityFramework\Common\Common.csproj", "{8A204782-C30F-4082-9926-A6FB5916D46C}"
EndProject
Project("{9A19103F-16F7-4668-BE54-9A1E7A4F7556}") = "DemoStartUp", "samples\40_RemoteQueryable_ToEntityFramework\DemoStartUp\DemoStartUp.csproj", "{6C2BF357-84F6-43BE-A0B7-ABD4DEC875BE}"
EndProject
Project("{9A19103F-16F7-4668-BE54-9A1E7A4F7556}") = "Server", "samples\40_RemoteQueryable_ToEntityFramework\Server\Server.csproj", "{D21D388D-86B8-4964-9D26-FDE90E2991D4}"
EndProject
Project("{2150E333-8FDC-42A3-9474-1A3956D46DE8}") = "41_RemoteQueryable_ToEntityFrameworkCore", "41_RemoteQueryable_ToEntityFrameworkCore", "{4F4868C5-1021-4012-9FA2-AAFF81DE9502}"
EndProject
Project("{9A19103F-16F7-4668-BE54-9A1E7A4F7556}") = "Client", "samples\41_RemoteQueryable_ToEntityFrameworkCore\Client\Client.csproj", "{B55BF74F-3A02-42CD-97E2-47E456FF99A3}"
EndProject
Project("{9A19103F-16F7-4668-BE54-9A1E7A4F7556}") = "Common", "samples\41_RemoteQueryable_ToEntityFrameworkCore\Common\Common.csproj", "{C91BF411-65C3-4122-B6E0-8B1956375031}"
EndProject
Project("{9A19103F-16F7-4668-BE54-9A1E7A4F7556}") = "DemoStartUp", "samples\41_RemoteQueryable_ToEntityFrameworkCore\DemoStartUp\DemoStartUp.csproj", "{2B14F790-1720-4D8B-B2ED-BC06779FE346}"
EndProject
Project("{9A19103F-16F7-4668-BE54-9A1E7A4F7556}") = "Server", "samples\41_RemoteQueryable_ToEntityFrameworkCore\Server\Server.csproj", "{C814EBBF-755D-42A4-AAEE-AD11BFFEE678}"
EndProject
Project("{2150E333-8FDC-42A3-9474-1A3956D46DE8}") = "42_RemoteQueryable_ToNHibernate", "42_RemoteQueryable_ToNHibernate", "{D62DE0F7-57FE-428F-B77C-0DA8744B789F}"
EndProject
Project("{9A19103F-16F7-4668-BE54-9A1E7A4F7556}") = "Client", "samples\42_RemoteQueryable_ToNHibernate\Client\Client.csproj", "{9003BA74-B086-434E-A6A0-493C9FF22CE0}"
EndProject
Project("{9A19103F-16F7-4668-BE54-9A1E7A4F7556}") = "Common", "samples\42_RemoteQueryable_ToNHibernate\Common\Common.csproj", "{E83B2C7F-E76C-4BBD-8E96-A9E1EDBAFC0F}"
EndProject
Project("{9A19103F-16F7-4668-BE54-9A1E7A4F7556}") = "DemoStartUp", "samples\42_RemoteQueryable_ToNHibernate\DemoStartUp\DemoStartUp.csproj", "{5873285E-C54A-43D6-9D28-539BB5E8A403}"
EndProject
Project("{9A19103F-16F7-4668-BE54-9A1E7A4F7556}") = "Server", "samples\42_RemoteQueryable_ToNHibernate\Server\Server.csproj", "{8DD29D87-B46B-4A89-B3AE-78FC26CFE541}"
EndProject
Project("{2150E333-8FDC-42A3-9474-1A3956D46DE8}") = "50_SandboxedServer", "50_SandboxedServer", "{CB53836D-1F3A-4569-8A3D-D8F9397E92F0}"
EndProject
Project("{9A19103F-16F7-4668-BE54-9A1E7A4F7556}") = "Client", "samples\50_SandboxedServer\Client\Client.csproj", "{1678D006-7DB6-4CF1-9358-68BB987A6585}"
EndProject
Project("{9A19103F-16F7-4668-BE54-9A1E7A4F7556}") = "Common", "samples\50_SandboxedServer\Common\Common.csproj", "{110656A9-AAE6-4590-89E5-A8F4C2D9B59C}"
EndProject
Project("{9A19103F-16F7-4668-BE54-9A1E7A4F7556}") = "DemoStartUp", "samples\50_SandboxedServer\DemoStartUp\DemoStartUp.csproj", "{0C3FDB63-5BEE-476F-80C9-6B6E60497A3E}"
EndProject
Project("{9A19103F-16F7-4668-BE54-9A1E7A4F7556}") = "Server", "samples\50_SandboxedServer\Server\Server.csproj", "{5D5D3BE2-B007-486E-A95F-AB16EDEF276B}"
EndProject
Project("{2150E333-8FDC-42A3-9474-1A3956D46DE8}") = "28_RemoteQueryable_UsingBsonSerializationOverTcp", "28_RemoteQueryable_UsingBsonSerializationOverTcp", "{4A6AB7C4-9FD4-4E3F-919D-F2A979867FDA}"
EndProject
Project("{9A19103F-16F7-4668-BE54-9A1E7A4F7556}") = "Client", "samples\28_RemoteQueryable_UsingBsonSerializationOverTcp\Client\Client.csproj", "{128603D0-4C50-46D5-98E1-661DAFF455D3}"
EndProject
Project("{9A19103F-16F7-4668-BE54-9A1E7A4F7556}") = "Common", "samples\28_RemoteQueryable_UsingBsonSerializationOverTcp\Common\Common.csproj", "{9D3284CA-9E71-464C-919B-0D233FE8C1F6}"
EndProject
Project("{9A19103F-16F7-4668-BE54-9A1E7A4F7556}") = "DemoStartUp", "samples\28_RemoteQueryable_UsingBsonSerializationOverTcp\DemoStartUp\DemoStartUp.csproj", "{C34BD9D7-C146-4919-AAA9-8B47A4AD22B6}"
EndProject
Project("{9A19103F-16F7-4668-BE54-9A1E7A4F7556}") = "Server", "samples\28_RemoteQueryable_UsingBsonSerializationOverTcp\Server\Server.csproj", "{236E50A6-5551-45DE-9F98-CAC4A0456BD6}"
EndProject
Project("{2150E333-8FDC-42A3-9474-1A3956D46DE8}") = "Database", "Database", "{71E9AF36-9DD1-410B-8B0D-26750E46FF87}"
	ProjectSection(SolutionItems) = preProject
		samples\SharedCode\mssql\DockerRunMSSQL.cmd = samples\SharedCode\mssql\DockerRunMSSQL.cmd
		samples\SharedCode\mssql\RemoteQueryableDemoDB.sql = samples\SharedCode\mssql\RemoteQueryableDemoDB.sql
		samples\SharedCode\mssql\RemoteQueryableDemoDBSetup.cmd = samples\SharedCode\mssql\RemoteQueryableDemoDBSetup.cmd
	EndProjectSection
EndProject
Project("{2150E333-8FDC-42A3-9474-1A3956D46DE8}") = "Database", "Database", "{D4E1DFBC-E4D6-4894-A290-8312B0767CFB}"
	ProjectSection(SolutionItems) = preProject
		samples\SharedCode\mssql\DockerRunMSSQL.cmd = samples\SharedCode\mssql\DockerRunMSSQL.cmd
		samples\SharedCode\mssql\RemoteQueryableDemoDB.sql = samples\SharedCode\mssql\RemoteQueryableDemoDB.sql
		samples\SharedCode\mssql\RemoteQueryableDemoDBSetup.cmd = samples\SharedCode\mssql\RemoteQueryableDemoDBSetup.cmd
	EndProjectSection
EndProject
Project("{2150E333-8FDC-42A3-9474-1A3956D46DE8}") = "Database", "Database", "{EEC4A3DC-4B2F-40A5-B25C-CDF121D7125C}"
	ProjectSection(SolutionItems) = preProject
		samples\SharedCode\mssql\DockerRunMSSQL.cmd = samples\SharedCode\mssql\DockerRunMSSQL.cmd
		samples\SharedCode\mssql\RemoteQueryableDemoDB.sql = samples\SharedCode\mssql\RemoteQueryableDemoDB.sql
		samples\SharedCode\mssql\RemoteQueryableDemoDBSetup.cmd = samples\SharedCode\mssql\RemoteQueryableDemoDBSetup.cmd
	EndProjectSection
EndProject
Project("{2150E333-8FDC-42A3-9474-1A3956D46DE8}") = "29_RemoteQueryable_UsingProtobufNetSerializationOverTcp", "29_RemoteQueryable_UsingProtobufNetSerializationOverTcp", "{6F0E8CE5-F409-4D56-9495-D63172E9DAD6}"
EndProject
Project("{9A19103F-16F7-4668-BE54-9A1E7A4F7556}") = "Client", "samples\29_RemoteQueryable_UsingProtobufNetSerializationOverTcp\Client\Client.csproj", "{596AE50D-D9F1-43ED-80FA-42FDE4D3EF39}"
EndProject
Project("{9A19103F-16F7-4668-BE54-9A1E7A4F7556}") = "Common", "samples\29_RemoteQueryable_UsingProtobufNetSerializationOverTcp\Common\Common.csproj", "{7BB4F936-FC31-4313-BA12-260435F06804}"
EndProject
Project("{9A19103F-16F7-4668-BE54-9A1E7A4F7556}") = "DemoStartUp", "samples\29_RemoteQueryable_UsingProtobufNetSerializationOverTcp\DemoStartUp\DemoStartUp.csproj", "{45F369E5-0A8C-4AF6-A57B-30D660EA779E}"
EndProject
Project("{9A19103F-16F7-4668-BE54-9A1E7A4F7556}") = "Server", "samples\29_RemoteQueryable_UsingProtobufNetSerializationOverTcp\Server\Server.csproj", "{23F7E4E8-76E6-472F-AC73-CDD415C331CA}"
EndProject
Project("{2150E333-8FDC-42A3-9474-1A3956D46DE8}") = "03_RemoteQueryable_AsyncStream", "03_RemoteQueryable_AsyncStream", "{F9E20E6F-F7F6-4271-A0DB-73173A8B8A8F}"
EndProject
Project("{9A19103F-16F7-4668-BE54-9A1E7A4F7556}") = "Client", "samples\03_RemoteQueryable_AsyncStream\Client\Client.csproj", "{E67F0A5E-269F-4BBA-83F0-43AFBD514D9A}"
EndProject
Project("{9A19103F-16F7-4668-BE54-9A1E7A4F7556}") = "Common", "samples\03_RemoteQueryable_AsyncStream\Common\Common.csproj", "{A823659E-4CB8-4BDC-8C9F-85639A5D8F88}"
EndProject
Project("{9A19103F-16F7-4668-BE54-9A1E7A4F7556}") = "DemoStartUp", "samples\03_RemoteQueryable_AsyncStream\DemoStartUp\DemoStartUp.csproj", "{143F4982-CA4A-4593-A26E-4B34906C7272}"
EndProject
Project("{9A19103F-16F7-4668-BE54-9A1E7A4F7556}") = "Server", "samples\03_RemoteQueryable_AsyncStream\Server\Server.csproj", "{2A233D95-2FD2-45FC-AA17-591982577FE7}"
EndProject
Project("{2150E333-8FDC-42A3-9474-1A3956D46DE8}") = "04_RemoteQueryable_AsyncQueryable", "04_RemoteQueryable_AsyncQueryable", "{07D3E908-595C-49D6-955A-FCD7F461DCC4}"
EndProject
Project("{9A19103F-16F7-4668-BE54-9A1E7A4F7556}") = "Common", "samples\04_RemoteQueryable_AsyncQueryable\Common\Common.csproj", "{C186662F-FFAC-4ADE-98DD-70B1337A3C2C}"
EndProject
Project("{9A19103F-16F7-4668-BE54-9A1E7A4F7556}") = "Client", "samples\04_RemoteQueryable_AsyncQueryable\Client\Client.csproj", "{D6E90E33-F890-4E0A-9584-2087AC3A27B2}"
EndProject
Project("{9A19103F-16F7-4668-BE54-9A1E7A4F7556}") = "Server", "samples\04_RemoteQueryable_AsyncQueryable\Server\Server.csproj", "{42D285D6-0291-40F2-AEB7-DB1954BBD0D6}"
EndProject
Project("{9A19103F-16F7-4668-BE54-9A1E7A4F7556}") = "DemoStartUp", "samples\04_RemoteQueryable_AsyncQueryable\DemoStartUp\DemoStartUp.csproj", "{6713A6B9-ED4F-4A08-991B-5A58466B0BDC}"
EndProject
Project("{2150E333-8FDC-42A3-9474-1A3956D46DE8}") = "30_RemoteQueryable_UsingServiceModelGrpc", "30_RemoteQueryable_UsingServiceModelGrpc", "{B2D07A88-AED5-4E2A-A1A7-212F4D1F4700}"
EndProject
Project("{9A19103F-16F7-4668-BE54-9A1E7A4F7556}") = "Client", "samples\30_RemoteQueryable_UsingServiceModelGrpc\Client\Client.csproj", "{C31A12C4-5FDA-4F85-88E1-DE541B738834}"
EndProject
Project("{9A19103F-16F7-4668-BE54-9A1E7A4F7556}") = "Common", "samples\30_RemoteQueryable_UsingServiceModelGrpc\Common\Common.csproj", "{F51706FD-8911-4B84-AA05-3A76602BDFF2}"
EndProject
Project("{9A19103F-16F7-4668-BE54-9A1E7A4F7556}") = "DemoStartUp", "samples\30_RemoteQueryable_UsingServiceModelGrpc\DemoStartUp\DemoStartUp.csproj", "{E84F80C3-0DFB-4374-BF3F-C517DAF8266B}"
EndProject
Project("{9A19103F-16F7-4668-BE54-9A1E7A4F7556}") = "Server", "samples\30_RemoteQueryable_UsingServiceModelGrpc\Server\Server.csproj", "{D43EC92B-5C31-4576-A9A9-9F66D918D181}"
EndProject
Project("{2150E333-8FDC-42A3-9474-1A3956D46DE8}") = "31_RemoteQueryable_UsingMessagePackSerializationOverTcp", "31_RemoteQueryable_UsingMessagePackSerializationOverTcp", "{C92BA4B1-069E-4A9D-8EA6-F5E5B01FE6C3}"
EndProject
Project("{9A19103F-16F7-4668-BE54-9A1E7A4F7556}") = "Common", "samples\31_RemoteQueryable_UsingMessagePackSerializationOverTcp\Common\Common.csproj", "{45059A9C-B0E4-4C1A-8FD2-0BA966F87F9F}"
EndProject
Project("{9A19103F-16F7-4668-BE54-9A1E7A4F7556}") = "Client", "samples\31_RemoteQueryable_UsingMessagePackSerializationOverTcp\Client\Client.csproj", "{9DFC844E-4284-48FA-9F72-5B8573B1F5B7}"
EndProject
Project("{9A19103F-16F7-4668-BE54-9A1E7A4F7556}") = "Server", "samples\31_RemoteQueryable_UsingMessagePackSerializationOverTcp\Server\Server.csproj", "{157926E3-9097-4330-B4DF-1C7347640C38}"
EndProject
Project("{9A19103F-16F7-4668-BE54-9A1E7A4F7556}") = "DemoStartUp", "samples\31_RemoteQueryable_UsingMessagePackSerializationOverTcp\DemoStartUp\DemoStartUp.csproj", "{41E35159-ED90-405D-9D8D-0F04D8BC10A3}"
EndProject
Global
	GlobalSection(SolutionConfigurationPlatforms) = preSolution
		Debug|Any CPU = Debug|Any CPU
		Release|Any CPU = Release|Any CPU
	EndGlobalSection
	GlobalSection(ProjectConfigurationPlatforms) = postSolution
		{4F282572-47A1-40D9-BDC2-D0ED25B84891}.Debug|Any CPU.ActiveCfg = Debug|Any CPU
		{4F282572-47A1-40D9-BDC2-D0ED25B84891}.Debug|Any CPU.Build.0 = Debug|Any CPU
		{4F282572-47A1-40D9-BDC2-D0ED25B84891}.Release|Any CPU.ActiveCfg = Release|Any CPU
		{4F282572-47A1-40D9-BDC2-D0ED25B84891}.Release|Any CPU.Build.0 = Release|Any CPU
		{25D6C93B-EF21-4105-8315-67933AC28382}.Debug|Any CPU.ActiveCfg = Debug|Any CPU
		{25D6C93B-EF21-4105-8315-67933AC28382}.Debug|Any CPU.Build.0 = Debug|Any CPU
		{25D6C93B-EF21-4105-8315-67933AC28382}.Release|Any CPU.ActiveCfg = Release|Any CPU
		{25D6C93B-EF21-4105-8315-67933AC28382}.Release|Any CPU.Build.0 = Release|Any CPU
		{CB28B4BB-4459-43D3-875B-9E861CC1A79B}.Debug|Any CPU.ActiveCfg = Debug|Any CPU
		{CB28B4BB-4459-43D3-875B-9E861CC1A79B}.Debug|Any CPU.Build.0 = Debug|Any CPU
		{CB28B4BB-4459-43D3-875B-9E861CC1A79B}.Release|Any CPU.ActiveCfg = Release|Any CPU
		{CB28B4BB-4459-43D3-875B-9E861CC1A79B}.Release|Any CPU.Build.0 = Release|Any CPU
		{2765F030-24A7-4AB7-9482-EE253E1C171F}.Debug|Any CPU.ActiveCfg = Debug|Any CPU
		{2765F030-24A7-4AB7-9482-EE253E1C171F}.Debug|Any CPU.Build.0 = Debug|Any CPU
		{2765F030-24A7-4AB7-9482-EE253E1C171F}.Release|Any CPU.ActiveCfg = Release|Any CPU
		{2765F030-24A7-4AB7-9482-EE253E1C171F}.Release|Any CPU.Build.0 = Release|Any CPU
		{B28D239C-372E-4793-A00B-A2022D9D2867}.Debug|Any CPU.ActiveCfg = Debug|Any CPU
		{B28D239C-372E-4793-A00B-A2022D9D2867}.Debug|Any CPU.Build.0 = Debug|Any CPU
		{B28D239C-372E-4793-A00B-A2022D9D2867}.Release|Any CPU.ActiveCfg = Release|Any CPU
		{B28D239C-372E-4793-A00B-A2022D9D2867}.Release|Any CPU.Build.0 = Release|Any CPU
		{A1F1CB3B-EBD9-440D-A520-E3FB853E9818}.Debug|Any CPU.ActiveCfg = Debug|Any CPU
		{A1F1CB3B-EBD9-440D-A520-E3FB853E9818}.Debug|Any CPU.Build.0 = Debug|Any CPU
		{A1F1CB3B-EBD9-440D-A520-E3FB853E9818}.Release|Any CPU.ActiveCfg = Release|Any CPU
		{A1F1CB3B-EBD9-440D-A520-E3FB853E9818}.Release|Any CPU.Build.0 = Release|Any CPU
		{4D7C80A8-1BAF-447D-BF37-62DA11F4F79C}.Debug|Any CPU.ActiveCfg = Debug|Any CPU
		{4D7C80A8-1BAF-447D-BF37-62DA11F4F79C}.Debug|Any CPU.Build.0 = Debug|Any CPU
		{4D7C80A8-1BAF-447D-BF37-62DA11F4F79C}.Release|Any CPU.ActiveCfg = Release|Any CPU
		{4D7C80A8-1BAF-447D-BF37-62DA11F4F79C}.Release|Any CPU.Build.0 = Release|Any CPU
		{6103BAB0-52F8-4267-BC60-1DBA76709CAA}.Debug|Any CPU.ActiveCfg = Debug|Any CPU
		{6103BAB0-52F8-4267-BC60-1DBA76709CAA}.Debug|Any CPU.Build.0 = Debug|Any CPU
		{6103BAB0-52F8-4267-BC60-1DBA76709CAA}.Release|Any CPU.ActiveCfg = Release|Any CPU
		{6103BAB0-52F8-4267-BC60-1DBA76709CAA}.Release|Any CPU.Build.0 = Release|Any CPU
		{6EB98CB4-E754-4CA8-8A21-C948E4A91560}.Debug|Any CPU.ActiveCfg = Debug|Any CPU
		{6EB98CB4-E754-4CA8-8A21-C948E4A91560}.Debug|Any CPU.Build.0 = Debug|Any CPU
		{6EB98CB4-E754-4CA8-8A21-C948E4A91560}.Release|Any CPU.ActiveCfg = Release|Any CPU
		{6EB98CB4-E754-4CA8-8A21-C948E4A91560}.Release|Any CPU.Build.0 = Release|Any CPU
		{8EEE1959-06B5-4FA3-91D6-FD3AFD2450B8}.Debug|Any CPU.ActiveCfg = Debug|Any CPU
		{8EEE1959-06B5-4FA3-91D6-FD3AFD2450B8}.Debug|Any CPU.Build.0 = Debug|Any CPU
		{8EEE1959-06B5-4FA3-91D6-FD3AFD2450B8}.Release|Any CPU.ActiveCfg = Release|Any CPU
		{8EEE1959-06B5-4FA3-91D6-FD3AFD2450B8}.Release|Any CPU.Build.0 = Release|Any CPU
		{88AC9DC4-0879-439A-B77F-920DA633D825}.Debug|Any CPU.ActiveCfg = Debug|Any CPU
		{88AC9DC4-0879-439A-B77F-920DA633D825}.Debug|Any CPU.Build.0 = Debug|Any CPU
		{88AC9DC4-0879-439A-B77F-920DA633D825}.Release|Any CPU.ActiveCfg = Release|Any CPU
		{88AC9DC4-0879-439A-B77F-920DA633D825}.Release|Any CPU.Build.0 = Release|Any CPU
		{81DF0D09-821F-404E-B2B5-3DC56733C978}.Debug|Any CPU.ActiveCfg = Debug|Any CPU
		{81DF0D09-821F-404E-B2B5-3DC56733C978}.Debug|Any CPU.Build.0 = Debug|Any CPU
		{81DF0D09-821F-404E-B2B5-3DC56733C978}.Release|Any CPU.ActiveCfg = Release|Any CPU
		{81DF0D09-821F-404E-B2B5-3DC56733C978}.Release|Any CPU.Build.0 = Release|Any CPU
		{9F812E66-23AC-4DF0-9FB0-9BC8E3325CB8}.Debug|Any CPU.ActiveCfg = Debug|Any CPU
		{9F812E66-23AC-4DF0-9FB0-9BC8E3325CB8}.Debug|Any CPU.Build.0 = Debug|Any CPU
		{9F812E66-23AC-4DF0-9FB0-9BC8E3325CB8}.Release|Any CPU.ActiveCfg = Release|Any CPU
		{9F812E66-23AC-4DF0-9FB0-9BC8E3325CB8}.Release|Any CPU.Build.0 = Release|Any CPU
		{52ADD556-577F-47E6-ADCF-C08D1C1A2131}.Debug|Any CPU.ActiveCfg = Debug|Any CPU
		{52ADD556-577F-47E6-ADCF-C08D1C1A2131}.Debug|Any CPU.Build.0 = Debug|Any CPU
		{52ADD556-577F-47E6-ADCF-C08D1C1A2131}.Release|Any CPU.ActiveCfg = Release|Any CPU
		{52ADD556-577F-47E6-ADCF-C08D1C1A2131}.Release|Any CPU.Build.0 = Release|Any CPU
		{A78300EE-E0D9-4AFF-BBD5-C0FE193A8659}.Debug|Any CPU.ActiveCfg = Debug|Any CPU
		{A78300EE-E0D9-4AFF-BBD5-C0FE193A8659}.Debug|Any CPU.Build.0 = Debug|Any CPU
		{A78300EE-E0D9-4AFF-BBD5-C0FE193A8659}.Release|Any CPU.ActiveCfg = Release|Any CPU
		{A78300EE-E0D9-4AFF-BBD5-C0FE193A8659}.Release|Any CPU.Build.0 = Release|Any CPU
		{DBD7BE55-A939-4865-BA02-51180E1BF9C7}.Debug|Any CPU.ActiveCfg = Debug|Any CPU
		{DBD7BE55-A939-4865-BA02-51180E1BF9C7}.Debug|Any CPU.Build.0 = Debug|Any CPU
		{DBD7BE55-A939-4865-BA02-51180E1BF9C7}.Release|Any CPU.ActiveCfg = Release|Any CPU
		{DBD7BE55-A939-4865-BA02-51180E1BF9C7}.Release|Any CPU.Build.0 = Release|Any CPU
		{11B76CF7-E1FF-43BF-9266-31CE01DDBD8F}.Debug|Any CPU.ActiveCfg = Debug|Any CPU
		{11B76CF7-E1FF-43BF-9266-31CE01DDBD8F}.Debug|Any CPU.Build.0 = Debug|Any CPU
		{11B76CF7-E1FF-43BF-9266-31CE01DDBD8F}.Release|Any CPU.ActiveCfg = Release|Any CPU
		{11B76CF7-E1FF-43BF-9266-31CE01DDBD8F}.Release|Any CPU.Build.0 = Release|Any CPU
		{598BFF94-DCBB-4D45-B817-606AD45C58DC}.Debug|Any CPU.ActiveCfg = Debug|Any CPU
		{598BFF94-DCBB-4D45-B817-606AD45C58DC}.Debug|Any CPU.Build.0 = Debug|Any CPU
		{598BFF94-DCBB-4D45-B817-606AD45C58DC}.Release|Any CPU.ActiveCfg = Release|Any CPU
		{598BFF94-DCBB-4D45-B817-606AD45C58DC}.Release|Any CPU.Build.0 = Release|Any CPU
		{04FC1811-42F1-4A89-9585-2D768F587CB0}.Debug|Any CPU.ActiveCfg = Debug|Any CPU
		{04FC1811-42F1-4A89-9585-2D768F587CB0}.Debug|Any CPU.Build.0 = Debug|Any CPU
		{04FC1811-42F1-4A89-9585-2D768F587CB0}.Release|Any CPU.ActiveCfg = Release|Any CPU
		{04FC1811-42F1-4A89-9585-2D768F587CB0}.Release|Any CPU.Build.0 = Release|Any CPU
		{3CD3C5E5-EBD9-4B8C-BCB1-ACD97FBEDB70}.Debug|Any CPU.ActiveCfg = Debug|Any CPU
		{3CD3C5E5-EBD9-4B8C-BCB1-ACD97FBEDB70}.Debug|Any CPU.Build.0 = Debug|Any CPU
		{3CD3C5E5-EBD9-4B8C-BCB1-ACD97FBEDB70}.Release|Any CPU.ActiveCfg = Release|Any CPU
		{3CD3C5E5-EBD9-4B8C-BCB1-ACD97FBEDB70}.Release|Any CPU.Build.0 = Release|Any CPU
		{DBA833E2-8DDF-405E-8D17-5404577B975B}.Debug|Any CPU.ActiveCfg = Debug|Any CPU
		{DBA833E2-8DDF-405E-8D17-5404577B975B}.Debug|Any CPU.Build.0 = Debug|Any CPU
		{DBA833E2-8DDF-405E-8D17-5404577B975B}.Release|Any CPU.ActiveCfg = Release|Any CPU
		{DBA833E2-8DDF-405E-8D17-5404577B975B}.Release|Any CPU.Build.0 = Release|Any CPU
		{A7A915A6-E058-4796-8F2C-2B0540A7FE9B}.Debug|Any CPU.ActiveCfg = Debug|Any CPU
		{A7A915A6-E058-4796-8F2C-2B0540A7FE9B}.Debug|Any CPU.Build.0 = Debug|Any CPU
		{A7A915A6-E058-4796-8F2C-2B0540A7FE9B}.Release|Any CPU.ActiveCfg = Release|Any CPU
		{A7A915A6-E058-4796-8F2C-2B0540A7FE9B}.Release|Any CPU.Build.0 = Release|Any CPU
		{7BAEE2D5-038E-4FC1-9864-6CD994F1B1E0}.Debug|Any CPU.ActiveCfg = Debug|Any CPU
		{7BAEE2D5-038E-4FC1-9864-6CD994F1B1E0}.Debug|Any CPU.Build.0 = Debug|Any CPU
		{7BAEE2D5-038E-4FC1-9864-6CD994F1B1E0}.Release|Any CPU.ActiveCfg = Release|Any CPU
		{7BAEE2D5-038E-4FC1-9864-6CD994F1B1E0}.Release|Any CPU.Build.0 = Release|Any CPU
		{88A2B943-235B-40D2-A338-C43AF47D2A9E}.Debug|Any CPU.ActiveCfg = Debug|Any CPU
		{88A2B943-235B-40D2-A338-C43AF47D2A9E}.Debug|Any CPU.Build.0 = Debug|Any CPU
		{88A2B943-235B-40D2-A338-C43AF47D2A9E}.Release|Any CPU.ActiveCfg = Release|Any CPU
		{88A2B943-235B-40D2-A338-C43AF47D2A9E}.Release|Any CPU.Build.0 = Release|Any CPU
		{B19A8E74-14A9-42C3-99B5-DA08567C8E63}.Debug|Any CPU.ActiveCfg = Debug|Any CPU
		{B19A8E74-14A9-42C3-99B5-DA08567C8E63}.Debug|Any CPU.Build.0 = Debug|Any CPU
		{B19A8E74-14A9-42C3-99B5-DA08567C8E63}.Release|Any CPU.ActiveCfg = Release|Any CPU
		{B19A8E74-14A9-42C3-99B5-DA08567C8E63}.Release|Any CPU.Build.0 = Release|Any CPU
		{DCB737BB-7B2A-4D0A-ADDC-7C7ABD6F10B0}.Debug|Any CPU.ActiveCfg = Debug|Any CPU
		{DCB737BB-7B2A-4D0A-ADDC-7C7ABD6F10B0}.Debug|Any CPU.Build.0 = Debug|Any CPU
		{DCB737BB-7B2A-4D0A-ADDC-7C7ABD6F10B0}.Release|Any CPU.ActiveCfg = Release|Any CPU
		{DCB737BB-7B2A-4D0A-ADDC-7C7ABD6F10B0}.Release|Any CPU.Build.0 = Release|Any CPU
		{49B9E3BA-3F07-45B5-8DC5-F95D08BF240C}.Debug|Any CPU.ActiveCfg = Debug|Any CPU
		{49B9E3BA-3F07-45B5-8DC5-F95D08BF240C}.Debug|Any CPU.Build.0 = Debug|Any CPU
		{49B9E3BA-3F07-45B5-8DC5-F95D08BF240C}.Release|Any CPU.ActiveCfg = Release|Any CPU
		{49B9E3BA-3F07-45B5-8DC5-F95D08BF240C}.Release|Any CPU.Build.0 = Release|Any CPU
		{69645AE6-0517-4E7B-B293-B37BDE278C85}.Debug|Any CPU.ActiveCfg = Debug|Any CPU
		{69645AE6-0517-4E7B-B293-B37BDE278C85}.Debug|Any CPU.Build.0 = Debug|Any CPU
		{69645AE6-0517-4E7B-B293-B37BDE278C85}.Release|Any CPU.ActiveCfg = Release|Any CPU
		{69645AE6-0517-4E7B-B293-B37BDE278C85}.Release|Any CPU.Build.0 = Release|Any CPU
		{D8F636FB-DE9F-4482-80C1-ED66CC92DEB9}.Debug|Any CPU.ActiveCfg = Debug|Any CPU
		{D8F636FB-DE9F-4482-80C1-ED66CC92DEB9}.Debug|Any CPU.Build.0 = Debug|Any CPU
		{D8F636FB-DE9F-4482-80C1-ED66CC92DEB9}.Release|Any CPU.ActiveCfg = Release|Any CPU
		{D8F636FB-DE9F-4482-80C1-ED66CC92DEB9}.Release|Any CPU.Build.0 = Release|Any CPU
		{FD5D94C8-1C12-4E45-B565-965C38A295D0}.Debug|Any CPU.ActiveCfg = Debug|Any CPU
		{FD5D94C8-1C12-4E45-B565-965C38A295D0}.Debug|Any CPU.Build.0 = Debug|Any CPU
		{FD5D94C8-1C12-4E45-B565-965C38A295D0}.Release|Any CPU.ActiveCfg = Release|Any CPU
		{FD5D94C8-1C12-4E45-B565-965C38A295D0}.Release|Any CPU.Build.0 = Release|Any CPU
		{A0DD7A7C-7022-4FE4-A3AD-18BD82BB5679}.Debug|Any CPU.ActiveCfg = Debug|Any CPU
		{A0DD7A7C-7022-4FE4-A3AD-18BD82BB5679}.Debug|Any CPU.Build.0 = Debug|Any CPU
		{A0DD7A7C-7022-4FE4-A3AD-18BD82BB5679}.Release|Any CPU.ActiveCfg = Release|Any CPU
		{A0DD7A7C-7022-4FE4-A3AD-18BD82BB5679}.Release|Any CPU.Build.0 = Release|Any CPU
		{8EAC5502-9E29-45ED-80D2-0A0A3107B0F9}.Debug|Any CPU.ActiveCfg = Debug|Any CPU
		{8EAC5502-9E29-45ED-80D2-0A0A3107B0F9}.Debug|Any CPU.Build.0 = Debug|Any CPU
		{8EAC5502-9E29-45ED-80D2-0A0A3107B0F9}.Release|Any CPU.ActiveCfg = Release|Any CPU
		{8EAC5502-9E29-45ED-80D2-0A0A3107B0F9}.Release|Any CPU.Build.0 = Release|Any CPU
		{B6B42260-816E-4883-9F4F-E175E0C9FA75}.Debug|Any CPU.ActiveCfg = Debug|Any CPU
		{B6B42260-816E-4883-9F4F-E175E0C9FA75}.Debug|Any CPU.Build.0 = Debug|Any CPU
		{B6B42260-816E-4883-9F4F-E175E0C9FA75}.Release|Any CPU.ActiveCfg = Release|Any CPU
		{B6B42260-816E-4883-9F4F-E175E0C9FA75}.Release|Any CPU.Build.0 = Release|Any CPU
		{F9A97154-E804-47D5-99A9-4867BC43CAB5}.Debug|Any CPU.ActiveCfg = Debug|Any CPU
		{F9A97154-E804-47D5-99A9-4867BC43CAB5}.Debug|Any CPU.Build.0 = Debug|Any CPU
		{F9A97154-E804-47D5-99A9-4867BC43CAB5}.Release|Any CPU.ActiveCfg = Release|Any CPU
		{F9A97154-E804-47D5-99A9-4867BC43CAB5}.Release|Any CPU.Build.0 = Release|Any CPU
		{185DCBE9-E138-46AB-B71B-DA59462EDBC4}.Debug|Any CPU.ActiveCfg = Debug|Any CPU
		{185DCBE9-E138-46AB-B71B-DA59462EDBC4}.Debug|Any CPU.Build.0 = Debug|Any CPU
		{185DCBE9-E138-46AB-B71B-DA59462EDBC4}.Release|Any CPU.ActiveCfg = Release|Any CPU
		{185DCBE9-E138-46AB-B71B-DA59462EDBC4}.Release|Any CPU.Build.0 = Release|Any CPU
		{9C13073B-998A-4C9D-9DFE-4882000BF9DF}.Debug|Any CPU.ActiveCfg = Debug|Any CPU
		{9C13073B-998A-4C9D-9DFE-4882000BF9DF}.Debug|Any CPU.Build.0 = Debug|Any CPU
		{9C13073B-998A-4C9D-9DFE-4882000BF9DF}.Release|Any CPU.ActiveCfg = Release|Any CPU
		{9C13073B-998A-4C9D-9DFE-4882000BF9DF}.Release|Any CPU.Build.0 = Release|Any CPU
		{17B7641C-BED4-4A33-8D36-F2E79A4853E4}.Debug|Any CPU.ActiveCfg = Debug|Any CPU
		{17B7641C-BED4-4A33-8D36-F2E79A4853E4}.Debug|Any CPU.Build.0 = Debug|Any CPU
		{17B7641C-BED4-4A33-8D36-F2E79A4853E4}.Release|Any CPU.ActiveCfg = Release|Any CPU
		{17B7641C-BED4-4A33-8D36-F2E79A4853E4}.Release|Any CPU.Build.0 = Release|Any CPU
		{530784B1-66D7-4050-B9C3-CD42E8DA2A85}.Debug|Any CPU.ActiveCfg = Debug|Any CPU
		{530784B1-66D7-4050-B9C3-CD42E8DA2A85}.Debug|Any CPU.Build.0 = Debug|Any CPU
		{530784B1-66D7-4050-B9C3-CD42E8DA2A85}.Release|Any CPU.ActiveCfg = Release|Any CPU
		{530784B1-66D7-4050-B9C3-CD42E8DA2A85}.Release|Any CPU.Build.0 = Release|Any CPU
		{312AEF40-259A-4992-9A4A-144911DD4E67}.Debug|Any CPU.ActiveCfg = Debug|Any CPU
		{312AEF40-259A-4992-9A4A-144911DD4E67}.Debug|Any CPU.Build.0 = Debug|Any CPU
		{312AEF40-259A-4992-9A4A-144911DD4E67}.Release|Any CPU.ActiveCfg = Release|Any CPU
		{312AEF40-259A-4992-9A4A-144911DD4E67}.Release|Any CPU.Build.0 = Release|Any CPU
		{B15D3E79-AE6E-4ABD-A27C-1802698B4D86}.Debug|Any CPU.ActiveCfg = Debug|Any CPU
		{B15D3E79-AE6E-4ABD-A27C-1802698B4D86}.Debug|Any CPU.Build.0 = Debug|Any CPU
		{B15D3E79-AE6E-4ABD-A27C-1802698B4D86}.Release|Any CPU.ActiveCfg = Release|Any CPU
		{B15D3E79-AE6E-4ABD-A27C-1802698B4D86}.Release|Any CPU.Build.0 = Release|Any CPU
		{5A9E46BD-7745-4904-87A4-41C75C6BC87C}.Debug|Any CPU.ActiveCfg = Debug|Any CPU
		{5A9E46BD-7745-4904-87A4-41C75C6BC87C}.Debug|Any CPU.Build.0 = Debug|Any CPU
		{5A9E46BD-7745-4904-87A4-41C75C6BC87C}.Release|Any CPU.ActiveCfg = Release|Any CPU
		{5A9E46BD-7745-4904-87A4-41C75C6BC87C}.Release|Any CPU.Build.0 = Release|Any CPU
		{AED8CF0E-711B-4A70-8F7A-9F0B8BFE1A46}.Debug|Any CPU.ActiveCfg = Debug|Any CPU
		{AED8CF0E-711B-4A70-8F7A-9F0B8BFE1A46}.Debug|Any CPU.Build.0 = Debug|Any CPU
		{AED8CF0E-711B-4A70-8F7A-9F0B8BFE1A46}.Release|Any CPU.ActiveCfg = Release|Any CPU
		{AED8CF0E-711B-4A70-8F7A-9F0B8BFE1A46}.Release|Any CPU.Build.0 = Release|Any CPU
		{5CEAB9FD-A0DF-42D5-A836-7A24330125D0}.Debug|Any CPU.ActiveCfg = Debug|Any CPU
		{5CEAB9FD-A0DF-42D5-A836-7A24330125D0}.Debug|Any CPU.Build.0 = Debug|Any CPU
		{5CEAB9FD-A0DF-42D5-A836-7A24330125D0}.Release|Any CPU.ActiveCfg = Release|Any CPU
		{5CEAB9FD-A0DF-42D5-A836-7A24330125D0}.Release|Any CPU.Build.0 = Release|Any CPU
		{D66BAAB1-90CA-45E2-873B-C37A679A65FE}.Debug|Any CPU.ActiveCfg = Debug|Any CPU
		{D66BAAB1-90CA-45E2-873B-C37A679A65FE}.Debug|Any CPU.Build.0 = Debug|Any CPU
		{D66BAAB1-90CA-45E2-873B-C37A679A65FE}.Release|Any CPU.ActiveCfg = Release|Any CPU
		{D66BAAB1-90CA-45E2-873B-C37A679A65FE}.Release|Any CPU.Build.0 = Release|Any CPU
		{BA1B8ED4-D9BC-4E28-8CC9-BFDEF20FA75E}.Debug|Any CPU.ActiveCfg = Debug|Any CPU
		{BA1B8ED4-D9BC-4E28-8CC9-BFDEF20FA75E}.Debug|Any CPU.Build.0 = Debug|Any CPU
		{BA1B8ED4-D9BC-4E28-8CC9-BFDEF20FA75E}.Release|Any CPU.ActiveCfg = Release|Any CPU
		{BA1B8ED4-D9BC-4E28-8CC9-BFDEF20FA75E}.Release|Any CPU.Build.0 = Release|Any CPU
		{45573DC6-C043-46EB-A85E-C77C8A583EFA}.Debug|Any CPU.ActiveCfg = Debug|Any CPU
		{45573DC6-C043-46EB-A85E-C77C8A583EFA}.Debug|Any CPU.Build.0 = Debug|Any CPU
		{45573DC6-C043-46EB-A85E-C77C8A583EFA}.Release|Any CPU.ActiveCfg = Release|Any CPU
		{45573DC6-C043-46EB-A85E-C77C8A583EFA}.Release|Any CPU.Build.0 = Release|Any CPU
		{9566D24B-A976-44FD-AB52-39E62D9B4E34}.Debug|Any CPU.ActiveCfg = Debug|Any CPU
		{9566D24B-A976-44FD-AB52-39E62D9B4E34}.Debug|Any CPU.Build.0 = Debug|Any CPU
		{9566D24B-A976-44FD-AB52-39E62D9B4E34}.Release|Any CPU.ActiveCfg = Release|Any CPU
		{9566D24B-A976-44FD-AB52-39E62D9B4E34}.Release|Any CPU.Build.0 = Release|Any CPU
		{6C8C6523-EC36-460E-BD34-7A67B1F97CC9}.Debug|Any CPU.ActiveCfg = Debug|Any CPU
		{6C8C6523-EC36-460E-BD34-7A67B1F97CC9}.Debug|Any CPU.Build.0 = Debug|Any CPU
		{6C8C6523-EC36-460E-BD34-7A67B1F97CC9}.Release|Any CPU.ActiveCfg = Release|Any CPU
		{6C8C6523-EC36-460E-BD34-7A67B1F97CC9}.Release|Any CPU.Build.0 = Release|Any CPU
		{29FA3D85-CD9E-42E7-B287-16D1020AFD23}.Debug|Any CPU.ActiveCfg = Debug|Any CPU
		{29FA3D85-CD9E-42E7-B287-16D1020AFD23}.Debug|Any CPU.Build.0 = Debug|Any CPU
		{29FA3D85-CD9E-42E7-B287-16D1020AFD23}.Release|Any CPU.ActiveCfg = Release|Any CPU
		{29FA3D85-CD9E-42E7-B287-16D1020AFD23}.Release|Any CPU.Build.0 = Release|Any CPU
		{6790C662-72C9-40A8-990B-3B5E2FD00806}.Debug|Any CPU.ActiveCfg = Debug|Any CPU
		{6790C662-72C9-40A8-990B-3B5E2FD00806}.Debug|Any CPU.Build.0 = Debug|Any CPU
		{6790C662-72C9-40A8-990B-3B5E2FD00806}.Release|Any CPU.ActiveCfg = Release|Any CPU
		{6790C662-72C9-40A8-990B-3B5E2FD00806}.Release|Any CPU.Build.0 = Release|Any CPU
		{93DDD5AA-0D50-41B1-B2DB-C537EE675740}.Debug|Any CPU.ActiveCfg = Debug|Any CPU
		{93DDD5AA-0D50-41B1-B2DB-C537EE675740}.Debug|Any CPU.Build.0 = Debug|Any CPU
		{93DDD5AA-0D50-41B1-B2DB-C537EE675740}.Release|Any CPU.ActiveCfg = Release|Any CPU
		{93DDD5AA-0D50-41B1-B2DB-C537EE675740}.Release|Any CPU.Build.0 = Release|Any CPU
		{D3C7C109-582D-4BBB-BF0F-D5E91D921160}.Debug|Any CPU.ActiveCfg = Debug|Any CPU
		{D3C7C109-582D-4BBB-BF0F-D5E91D921160}.Debug|Any CPU.Build.0 = Debug|Any CPU
		{D3C7C109-582D-4BBB-BF0F-D5E91D921160}.Release|Any CPU.ActiveCfg = Release|Any CPU
		{D3C7C109-582D-4BBB-BF0F-D5E91D921160}.Release|Any CPU.Build.0 = Release|Any CPU
		{9B39FFB8-9F84-4B3C-8E57-EB3FD129DC85}.Debug|Any CPU.ActiveCfg = Debug|Any CPU
		{9B39FFB8-9F84-4B3C-8E57-EB3FD129DC85}.Debug|Any CPU.Build.0 = Debug|Any CPU
		{9B39FFB8-9F84-4B3C-8E57-EB3FD129DC85}.Release|Any CPU.ActiveCfg = Release|Any CPU
		{9B39FFB8-9F84-4B3C-8E57-EB3FD129DC85}.Release|Any CPU.Build.0 = Release|Any CPU
		{897D6EA1-B205-4591-BABB-F314B3171D5C}.Debug|Any CPU.ActiveCfg = Debug|Any CPU
		{897D6EA1-B205-4591-BABB-F314B3171D5C}.Debug|Any CPU.Build.0 = Debug|Any CPU
		{897D6EA1-B205-4591-BABB-F314B3171D5C}.Release|Any CPU.ActiveCfg = Release|Any CPU
		{897D6EA1-B205-4591-BABB-F314B3171D5C}.Release|Any CPU.Build.0 = Release|Any CPU
		{5B714D69-0C7A-4252-9299-2B0280856482}.Debug|Any CPU.ActiveCfg = Debug|Any CPU
		{5B714D69-0C7A-4252-9299-2B0280856482}.Debug|Any CPU.Build.0 = Debug|Any CPU
		{5B714D69-0C7A-4252-9299-2B0280856482}.Release|Any CPU.ActiveCfg = Release|Any CPU
		{5B714D69-0C7A-4252-9299-2B0280856482}.Release|Any CPU.Build.0 = Release|Any CPU
		{C2052D46-D7DB-48FE-830E-311F140A5911}.Debug|Any CPU.ActiveCfg = Debug|Any CPU
		{C2052D46-D7DB-48FE-830E-311F140A5911}.Debug|Any CPU.Build.0 = Debug|Any CPU
		{C2052D46-D7DB-48FE-830E-311F140A5911}.Release|Any CPU.ActiveCfg = Release|Any CPU
		{C2052D46-D7DB-48FE-830E-311F140A5911}.Release|Any CPU.Build.0 = Release|Any CPU
		{FFFA5302-0C71-48CC-B3C7-096B369C7B08}.Debug|Any CPU.ActiveCfg = Debug|Any CPU
		{FFFA5302-0C71-48CC-B3C7-096B369C7B08}.Debug|Any CPU.Build.0 = Debug|Any CPU
		{FFFA5302-0C71-48CC-B3C7-096B369C7B08}.Release|Any CPU.ActiveCfg = Release|Any CPU
		{FFFA5302-0C71-48CC-B3C7-096B369C7B08}.Release|Any CPU.Build.0 = Release|Any CPU
		{6A3C205A-B8F8-4EDB-B80D-BF911460AFC0}.Debug|Any CPU.ActiveCfg = Debug|Any CPU
		{6A3C205A-B8F8-4EDB-B80D-BF911460AFC0}.Debug|Any CPU.Build.0 = Debug|Any CPU
		{6A3C205A-B8F8-4EDB-B80D-BF911460AFC0}.Release|Any CPU.ActiveCfg = Release|Any CPU
		{6A3C205A-B8F8-4EDB-B80D-BF911460AFC0}.Release|Any CPU.Build.0 = Release|Any CPU
		{E94ADF8C-A306-4E6D-9482-D4303A1A4EA7}.Debug|Any CPU.ActiveCfg = Debug|Any CPU
		{E94ADF8C-A306-4E6D-9482-D4303A1A4EA7}.Debug|Any CPU.Build.0 = Debug|Any CPU
		{E94ADF8C-A306-4E6D-9482-D4303A1A4EA7}.Release|Any CPU.ActiveCfg = Release|Any CPU
		{E94ADF8C-A306-4E6D-9482-D4303A1A4EA7}.Release|Any CPU.Build.0 = Release|Any CPU
		{E8BAF42A-66E2-4C7A-9CA8-C20A58E2FF0C}.Debug|Any CPU.ActiveCfg = Debug|Any CPU
		{E8BAF42A-66E2-4C7A-9CA8-C20A58E2FF0C}.Debug|Any CPU.Build.0 = Debug|Any CPU
		{E8BAF42A-66E2-4C7A-9CA8-C20A58E2FF0C}.Release|Any CPU.ActiveCfg = Release|Any CPU
		{E8BAF42A-66E2-4C7A-9CA8-C20A58E2FF0C}.Release|Any CPU.Build.0 = Release|Any CPU
		{C588902F-DD7E-41A0-86C2-997A082F15A6}.Debug|Any CPU.ActiveCfg = Debug|Any CPU
		{C588902F-DD7E-41A0-86C2-997A082F15A6}.Debug|Any CPU.Build.0 = Debug|Any CPU
		{C588902F-DD7E-41A0-86C2-997A082F15A6}.Release|Any CPU.ActiveCfg = Release|Any CPU
		{C588902F-DD7E-41A0-86C2-997A082F15A6}.Release|Any CPU.Build.0 = Release|Any CPU
		{FDAD7175-24B1-4ACD-B5EB-6403043C7B6F}.Debug|Any CPU.ActiveCfg = Debug|Any CPU
		{FDAD7175-24B1-4ACD-B5EB-6403043C7B6F}.Debug|Any CPU.Build.0 = Debug|Any CPU
		{FDAD7175-24B1-4ACD-B5EB-6403043C7B6F}.Release|Any CPU.ActiveCfg = Release|Any CPU
		{FDAD7175-24B1-4ACD-B5EB-6403043C7B6F}.Release|Any CPU.Build.0 = Release|Any CPU
		{063216E1-CA21-4440-AC31-A85A445EED33}.Debug|Any CPU.ActiveCfg = Debug|Any CPU
		{063216E1-CA21-4440-AC31-A85A445EED33}.Debug|Any CPU.Build.0 = Debug|Any CPU
		{063216E1-CA21-4440-AC31-A85A445EED33}.Release|Any CPU.ActiveCfg = Release|Any CPU
		{063216E1-CA21-4440-AC31-A85A445EED33}.Release|Any CPU.Build.0 = Release|Any CPU
		{1E9A19E8-BB40-4C73-A3CE-CE8AAB4F70CF}.Debug|Any CPU.ActiveCfg = Debug|Any CPU
		{1E9A19E8-BB40-4C73-A3CE-CE8AAB4F70CF}.Debug|Any CPU.Build.0 = Debug|Any CPU
		{1E9A19E8-BB40-4C73-A3CE-CE8AAB4F70CF}.Release|Any CPU.ActiveCfg = Release|Any CPU
		{1E9A19E8-BB40-4C73-A3CE-CE8AAB4F70CF}.Release|Any CPU.Build.0 = Release|Any CPU
		{202FCF7A-EE20-4A0B-9E21-85AEE32BE590}.Debug|Any CPU.ActiveCfg = Debug|Any CPU
		{202FCF7A-EE20-4A0B-9E21-85AEE32BE590}.Debug|Any CPU.Build.0 = Debug|Any CPU
		{202FCF7A-EE20-4A0B-9E21-85AEE32BE590}.Release|Any CPU.ActiveCfg = Release|Any CPU
		{202FCF7A-EE20-4A0B-9E21-85AEE32BE590}.Release|Any CPU.Build.0 = Release|Any CPU
		{840F0339-2BB7-4E1F-BFD3-CF6C7B1B6CEF}.Debug|Any CPU.ActiveCfg = Debug|Any CPU
		{840F0339-2BB7-4E1F-BFD3-CF6C7B1B6CEF}.Debug|Any CPU.Build.0 = Debug|Any CPU
		{840F0339-2BB7-4E1F-BFD3-CF6C7B1B6CEF}.Release|Any CPU.ActiveCfg = Release|Any CPU
		{840F0339-2BB7-4E1F-BFD3-CF6C7B1B6CEF}.Release|Any CPU.Build.0 = Release|Any CPU
		{4E3CB9B9-4C86-4A3F-95B9-4B0C21A0FD2E}.Debug|Any CPU.ActiveCfg = Debug|Any CPU
		{4E3CB9B9-4C86-4A3F-95B9-4B0C21A0FD2E}.Debug|Any CPU.Build.0 = Debug|Any CPU
		{4E3CB9B9-4C86-4A3F-95B9-4B0C21A0FD2E}.Release|Any CPU.ActiveCfg = Release|Any CPU
		{4E3CB9B9-4C86-4A3F-95B9-4B0C21A0FD2E}.Release|Any CPU.Build.0 = Release|Any CPU
		{021545FF-AE47-404E-A2EC-E1754551F334}.Debug|Any CPU.ActiveCfg = Debug|Any CPU
		{021545FF-AE47-404E-A2EC-E1754551F334}.Debug|Any CPU.Build.0 = Debug|Any CPU
		{021545FF-AE47-404E-A2EC-E1754551F334}.Release|Any CPU.ActiveCfg = Release|Any CPU
		{021545FF-AE47-404E-A2EC-E1754551F334}.Release|Any CPU.Build.0 = Release|Any CPU
		{AAF75840-FFAB-44BA-ABD4-C541E5B4BE16}.Debug|Any CPU.ActiveCfg = Debug|Any CPU
		{AAF75840-FFAB-44BA-ABD4-C541E5B4BE16}.Debug|Any CPU.Build.0 = Debug|Any CPU
		{AAF75840-FFAB-44BA-ABD4-C541E5B4BE16}.Release|Any CPU.ActiveCfg = Release|Any CPU
		{AAF75840-FFAB-44BA-ABD4-C541E5B4BE16}.Release|Any CPU.Build.0 = Release|Any CPU
		{8A204782-C30F-4082-9926-A6FB5916D46C}.Debug|Any CPU.ActiveCfg = Debug|Any CPU
		{8A204782-C30F-4082-9926-A6FB5916D46C}.Debug|Any CPU.Build.0 = Debug|Any CPU
		{8A204782-C30F-4082-9926-A6FB5916D46C}.Release|Any CPU.ActiveCfg = Release|Any CPU
		{8A204782-C30F-4082-9926-A6FB5916D46C}.Release|Any CPU.Build.0 = Release|Any CPU
		{6C2BF357-84F6-43BE-A0B7-ABD4DEC875BE}.Debug|Any CPU.ActiveCfg = Debug|Any CPU
		{6C2BF357-84F6-43BE-A0B7-ABD4DEC875BE}.Debug|Any CPU.Build.0 = Debug|Any CPU
		{6C2BF357-84F6-43BE-A0B7-ABD4DEC875BE}.Release|Any CPU.ActiveCfg = Release|Any CPU
		{6C2BF357-84F6-43BE-A0B7-ABD4DEC875BE}.Release|Any CPU.Build.0 = Release|Any CPU
		{D21D388D-86B8-4964-9D26-FDE90E2991D4}.Debug|Any CPU.ActiveCfg = Debug|Any CPU
		{D21D388D-86B8-4964-9D26-FDE90E2991D4}.Debug|Any CPU.Build.0 = Debug|Any CPU
		{D21D388D-86B8-4964-9D26-FDE90E2991D4}.Release|Any CPU.ActiveCfg = Release|Any CPU
		{D21D388D-86B8-4964-9D26-FDE90E2991D4}.Release|Any CPU.Build.0 = Release|Any CPU
		{B55BF74F-3A02-42CD-97E2-47E456FF99A3}.Debug|Any CPU.ActiveCfg = Debug|Any CPU
		{B55BF74F-3A02-42CD-97E2-47E456FF99A3}.Debug|Any CPU.Build.0 = Debug|Any CPU
		{B55BF74F-3A02-42CD-97E2-47E456FF99A3}.Release|Any CPU.ActiveCfg = Release|Any CPU
		{B55BF74F-3A02-42CD-97E2-47E456FF99A3}.Release|Any CPU.Build.0 = Release|Any CPU
		{C91BF411-65C3-4122-B6E0-8B1956375031}.Debug|Any CPU.ActiveCfg = Debug|Any CPU
		{C91BF411-65C3-4122-B6E0-8B1956375031}.Debug|Any CPU.Build.0 = Debug|Any CPU
		{C91BF411-65C3-4122-B6E0-8B1956375031}.Release|Any CPU.ActiveCfg = Release|Any CPU
		{C91BF411-65C3-4122-B6E0-8B1956375031}.Release|Any CPU.Build.0 = Release|Any CPU
		{2B14F790-1720-4D8B-B2ED-BC06779FE346}.Debug|Any CPU.ActiveCfg = Debug|Any CPU
		{2B14F790-1720-4D8B-B2ED-BC06779FE346}.Debug|Any CPU.Build.0 = Debug|Any CPU
		{2B14F790-1720-4D8B-B2ED-BC06779FE346}.Release|Any CPU.ActiveCfg = Release|Any CPU
		{2B14F790-1720-4D8B-B2ED-BC06779FE346}.Release|Any CPU.Build.0 = Release|Any CPU
		{C814EBBF-755D-42A4-AAEE-AD11BFFEE678}.Debug|Any CPU.ActiveCfg = Debug|Any CPU
		{C814EBBF-755D-42A4-AAEE-AD11BFFEE678}.Debug|Any CPU.Build.0 = Debug|Any CPU
		{C814EBBF-755D-42A4-AAEE-AD11BFFEE678}.Release|Any CPU.ActiveCfg = Release|Any CPU
		{C814EBBF-755D-42A4-AAEE-AD11BFFEE678}.Release|Any CPU.Build.0 = Release|Any CPU
		{9003BA74-B086-434E-A6A0-493C9FF22CE0}.Debug|Any CPU.ActiveCfg = Debug|Any CPU
		{9003BA74-B086-434E-A6A0-493C9FF22CE0}.Debug|Any CPU.Build.0 = Debug|Any CPU
		{9003BA74-B086-434E-A6A0-493C9FF22CE0}.Release|Any CPU.ActiveCfg = Release|Any CPU
		{9003BA74-B086-434E-A6A0-493C9FF22CE0}.Release|Any CPU.Build.0 = Release|Any CPU
		{E83B2C7F-E76C-4BBD-8E96-A9E1EDBAFC0F}.Debug|Any CPU.ActiveCfg = Debug|Any CPU
		{E83B2C7F-E76C-4BBD-8E96-A9E1EDBAFC0F}.Debug|Any CPU.Build.0 = Debug|Any CPU
		{E83B2C7F-E76C-4BBD-8E96-A9E1EDBAFC0F}.Release|Any CPU.ActiveCfg = Release|Any CPU
		{E83B2C7F-E76C-4BBD-8E96-A9E1EDBAFC0F}.Release|Any CPU.Build.0 = Release|Any CPU
		{5873285E-C54A-43D6-9D28-539BB5E8A403}.Debug|Any CPU.ActiveCfg = Debug|Any CPU
		{5873285E-C54A-43D6-9D28-539BB5E8A403}.Debug|Any CPU.Build.0 = Debug|Any CPU
		{5873285E-C54A-43D6-9D28-539BB5E8A403}.Release|Any CPU.ActiveCfg = Release|Any CPU
		{5873285E-C54A-43D6-9D28-539BB5E8A403}.Release|Any CPU.Build.0 = Release|Any CPU
		{8DD29D87-B46B-4A89-B3AE-78FC26CFE541}.Debug|Any CPU.ActiveCfg = Debug|Any CPU
		{8DD29D87-B46B-4A89-B3AE-78FC26CFE541}.Debug|Any CPU.Build.0 = Debug|Any CPU
		{8DD29D87-B46B-4A89-B3AE-78FC26CFE541}.Release|Any CPU.ActiveCfg = Release|Any CPU
		{8DD29D87-B46B-4A89-B3AE-78FC26CFE541}.Release|Any CPU.Build.0 = Release|Any CPU
		{1678D006-7DB6-4CF1-9358-68BB987A6585}.Debug|Any CPU.ActiveCfg = Debug|Any CPU
		{1678D006-7DB6-4CF1-9358-68BB987A6585}.Debug|Any CPU.Build.0 = Debug|Any CPU
		{1678D006-7DB6-4CF1-9358-68BB987A6585}.Release|Any CPU.ActiveCfg = Release|Any CPU
		{1678D006-7DB6-4CF1-9358-68BB987A6585}.Release|Any CPU.Build.0 = Release|Any CPU
		{110656A9-AAE6-4590-89E5-A8F4C2D9B59C}.Debug|Any CPU.ActiveCfg = Debug|Any CPU
		{110656A9-AAE6-4590-89E5-A8F4C2D9B59C}.Debug|Any CPU.Build.0 = Debug|Any CPU
		{110656A9-AAE6-4590-89E5-A8F4C2D9B59C}.Release|Any CPU.ActiveCfg = Release|Any CPU
		{110656A9-AAE6-4590-89E5-A8F4C2D9B59C}.Release|Any CPU.Build.0 = Release|Any CPU
		{0C3FDB63-5BEE-476F-80C9-6B6E60497A3E}.Debug|Any CPU.ActiveCfg = Debug|Any CPU
		{0C3FDB63-5BEE-476F-80C9-6B6E60497A3E}.Debug|Any CPU.Build.0 = Debug|Any CPU
		{0C3FDB63-5BEE-476F-80C9-6B6E60497A3E}.Release|Any CPU.ActiveCfg = Release|Any CPU
		{0C3FDB63-5BEE-476F-80C9-6B6E60497A3E}.Release|Any CPU.Build.0 = Release|Any CPU
		{5D5D3BE2-B007-486E-A95F-AB16EDEF276B}.Debug|Any CPU.ActiveCfg = Debug|Any CPU
		{5D5D3BE2-B007-486E-A95F-AB16EDEF276B}.Debug|Any CPU.Build.0 = Debug|Any CPU
		{5D5D3BE2-B007-486E-A95F-AB16EDEF276B}.Release|Any CPU.ActiveCfg = Release|Any CPU
		{5D5D3BE2-B007-486E-A95F-AB16EDEF276B}.Release|Any CPU.Build.0 = Release|Any CPU
		{128603D0-4C50-46D5-98E1-661DAFF455D3}.Debug|Any CPU.ActiveCfg = Debug|Any CPU
		{128603D0-4C50-46D5-98E1-661DAFF455D3}.Debug|Any CPU.Build.0 = Debug|Any CPU
		{128603D0-4C50-46D5-98E1-661DAFF455D3}.Release|Any CPU.ActiveCfg = Release|Any CPU
		{128603D0-4C50-46D5-98E1-661DAFF455D3}.Release|Any CPU.Build.0 = Release|Any CPU
		{9D3284CA-9E71-464C-919B-0D233FE8C1F6}.Debug|Any CPU.ActiveCfg = Debug|Any CPU
		{9D3284CA-9E71-464C-919B-0D233FE8C1F6}.Debug|Any CPU.Build.0 = Debug|Any CPU
		{9D3284CA-9E71-464C-919B-0D233FE8C1F6}.Release|Any CPU.ActiveCfg = Release|Any CPU
		{9D3284CA-9E71-464C-919B-0D233FE8C1F6}.Release|Any CPU.Build.0 = Release|Any CPU
		{C34BD9D7-C146-4919-AAA9-8B47A4AD22B6}.Debug|Any CPU.ActiveCfg = Debug|Any CPU
		{C34BD9D7-C146-4919-AAA9-8B47A4AD22B6}.Debug|Any CPU.Build.0 = Debug|Any CPU
		{C34BD9D7-C146-4919-AAA9-8B47A4AD22B6}.Release|Any CPU.ActiveCfg = Release|Any CPU
		{C34BD9D7-C146-4919-AAA9-8B47A4AD22B6}.Release|Any CPU.Build.0 = Release|Any CPU
		{236E50A6-5551-45DE-9F98-CAC4A0456BD6}.Debug|Any CPU.ActiveCfg = Debug|Any CPU
		{236E50A6-5551-45DE-9F98-CAC4A0456BD6}.Debug|Any CPU.Build.0 = Debug|Any CPU
		{236E50A6-5551-45DE-9F98-CAC4A0456BD6}.Release|Any CPU.ActiveCfg = Release|Any CPU
		{236E50A6-5551-45DE-9F98-CAC4A0456BD6}.Release|Any CPU.Build.0 = Release|Any CPU
		{596AE50D-D9F1-43ED-80FA-42FDE4D3EF39}.Debug|Any CPU.ActiveCfg = Debug|Any CPU
		{596AE50D-D9F1-43ED-80FA-42FDE4D3EF39}.Debug|Any CPU.Build.0 = Debug|Any CPU
		{596AE50D-D9F1-43ED-80FA-42FDE4D3EF39}.Release|Any CPU.ActiveCfg = Release|Any CPU
		{596AE50D-D9F1-43ED-80FA-42FDE4D3EF39}.Release|Any CPU.Build.0 = Release|Any CPU
		{7BB4F936-FC31-4313-BA12-260435F06804}.Debug|Any CPU.ActiveCfg = Debug|Any CPU
		{7BB4F936-FC31-4313-BA12-260435F06804}.Debug|Any CPU.Build.0 = Debug|Any CPU
		{7BB4F936-FC31-4313-BA12-260435F06804}.Release|Any CPU.ActiveCfg = Release|Any CPU
		{7BB4F936-FC31-4313-BA12-260435F06804}.Release|Any CPU.Build.0 = Release|Any CPU
		{45F369E5-0A8C-4AF6-A57B-30D660EA779E}.Debug|Any CPU.ActiveCfg = Debug|Any CPU
		{45F369E5-0A8C-4AF6-A57B-30D660EA779E}.Debug|Any CPU.Build.0 = Debug|Any CPU
		{45F369E5-0A8C-4AF6-A57B-30D660EA779E}.Release|Any CPU.ActiveCfg = Release|Any CPU
		{45F369E5-0A8C-4AF6-A57B-30D660EA779E}.Release|Any CPU.Build.0 = Release|Any CPU
		{23F7E4E8-76E6-472F-AC73-CDD415C331CA}.Debug|Any CPU.ActiveCfg = Debug|Any CPU
		{23F7E4E8-76E6-472F-AC73-CDD415C331CA}.Debug|Any CPU.Build.0 = Debug|Any CPU
		{23F7E4E8-76E6-472F-AC73-CDD415C331CA}.Release|Any CPU.ActiveCfg = Release|Any CPU
		{23F7E4E8-76E6-472F-AC73-CDD415C331CA}.Release|Any CPU.Build.0 = Release|Any CPU
		{E67F0A5E-269F-4BBA-83F0-43AFBD514D9A}.Debug|Any CPU.ActiveCfg = Debug|Any CPU
		{E67F0A5E-269F-4BBA-83F0-43AFBD514D9A}.Debug|Any CPU.Build.0 = Debug|Any CPU
		{E67F0A5E-269F-4BBA-83F0-43AFBD514D9A}.Release|Any CPU.ActiveCfg = Release|Any CPU
		{E67F0A5E-269F-4BBA-83F0-43AFBD514D9A}.Release|Any CPU.Build.0 = Release|Any CPU
		{A823659E-4CB8-4BDC-8C9F-85639A5D8F88}.Debug|Any CPU.ActiveCfg = Debug|Any CPU
		{A823659E-4CB8-4BDC-8C9F-85639A5D8F88}.Debug|Any CPU.Build.0 = Debug|Any CPU
		{A823659E-4CB8-4BDC-8C9F-85639A5D8F88}.Release|Any CPU.ActiveCfg = Release|Any CPU
		{A823659E-4CB8-4BDC-8C9F-85639A5D8F88}.Release|Any CPU.Build.0 = Release|Any CPU
		{143F4982-CA4A-4593-A26E-4B34906C7272}.Debug|Any CPU.ActiveCfg = Debug|Any CPU
		{143F4982-CA4A-4593-A26E-4B34906C7272}.Debug|Any CPU.Build.0 = Debug|Any CPU
		{143F4982-CA4A-4593-A26E-4B34906C7272}.Release|Any CPU.ActiveCfg = Release|Any CPU
		{143F4982-CA4A-4593-A26E-4B34906C7272}.Release|Any CPU.Build.0 = Release|Any CPU
		{2A233D95-2FD2-45FC-AA17-591982577FE7}.Debug|Any CPU.ActiveCfg = Debug|Any CPU
		{2A233D95-2FD2-45FC-AA17-591982577FE7}.Debug|Any CPU.Build.0 = Debug|Any CPU
		{2A233D95-2FD2-45FC-AA17-591982577FE7}.Release|Any CPU.ActiveCfg = Release|Any CPU
		{2A233D95-2FD2-45FC-AA17-591982577FE7}.Release|Any CPU.Build.0 = Release|Any CPU
		{C186662F-FFAC-4ADE-98DD-70B1337A3C2C}.Debug|Any CPU.ActiveCfg = Debug|Any CPU
		{C186662F-FFAC-4ADE-98DD-70B1337A3C2C}.Debug|Any CPU.Build.0 = Debug|Any CPU
		{C186662F-FFAC-4ADE-98DD-70B1337A3C2C}.Release|Any CPU.ActiveCfg = Release|Any CPU
		{C186662F-FFAC-4ADE-98DD-70B1337A3C2C}.Release|Any CPU.Build.0 = Release|Any CPU
		{D6E90E33-F890-4E0A-9584-2087AC3A27B2}.Debug|Any CPU.ActiveCfg = Debug|Any CPU
		{D6E90E33-F890-4E0A-9584-2087AC3A27B2}.Debug|Any CPU.Build.0 = Debug|Any CPU
		{D6E90E33-F890-4E0A-9584-2087AC3A27B2}.Release|Any CPU.ActiveCfg = Release|Any CPU
		{D6E90E33-F890-4E0A-9584-2087AC3A27B2}.Release|Any CPU.Build.0 = Release|Any CPU
		{42D285D6-0291-40F2-AEB7-DB1954BBD0D6}.Debug|Any CPU.ActiveCfg = Debug|Any CPU
		{42D285D6-0291-40F2-AEB7-DB1954BBD0D6}.Debug|Any CPU.Build.0 = Debug|Any CPU
		{42D285D6-0291-40F2-AEB7-DB1954BBD0D6}.Release|Any CPU.ActiveCfg = Release|Any CPU
		{42D285D6-0291-40F2-AEB7-DB1954BBD0D6}.Release|Any CPU.Build.0 = Release|Any CPU
		{6713A6B9-ED4F-4A08-991B-5A58466B0BDC}.Debug|Any CPU.ActiveCfg = Debug|Any CPU
		{6713A6B9-ED4F-4A08-991B-5A58466B0BDC}.Debug|Any CPU.Build.0 = Debug|Any CPU
		{6713A6B9-ED4F-4A08-991B-5A58466B0BDC}.Release|Any CPU.ActiveCfg = Release|Any CPU
		{6713A6B9-ED4F-4A08-991B-5A58466B0BDC}.Release|Any CPU.Build.0 = Release|Any CPU
		{C31A12C4-5FDA-4F85-88E1-DE541B738834}.Debug|Any CPU.ActiveCfg = Debug|Any CPU
		{C31A12C4-5FDA-4F85-88E1-DE541B738834}.Debug|Any CPU.Build.0 = Debug|Any CPU
		{C31A12C4-5FDA-4F85-88E1-DE541B738834}.Release|Any CPU.ActiveCfg = Release|Any CPU
		{C31A12C4-5FDA-4F85-88E1-DE541B738834}.Release|Any CPU.Build.0 = Release|Any CPU
		{F51706FD-8911-4B84-AA05-3A76602BDFF2}.Debug|Any CPU.ActiveCfg = Debug|Any CPU
		{F51706FD-8911-4B84-AA05-3A76602BDFF2}.Debug|Any CPU.Build.0 = Debug|Any CPU
		{F51706FD-8911-4B84-AA05-3A76602BDFF2}.Release|Any CPU.ActiveCfg = Release|Any CPU
		{F51706FD-8911-4B84-AA05-3A76602BDFF2}.Release|Any CPU.Build.0 = Release|Any CPU
		{E84F80C3-0DFB-4374-BF3F-C517DAF8266B}.Debug|Any CPU.ActiveCfg = Debug|Any CPU
		{E84F80C3-0DFB-4374-BF3F-C517DAF8266B}.Debug|Any CPU.Build.0 = Debug|Any CPU
		{E84F80C3-0DFB-4374-BF3F-C517DAF8266B}.Release|Any CPU.ActiveCfg = Release|Any CPU
		{E84F80C3-0DFB-4374-BF3F-C517DAF8266B}.Release|Any CPU.Build.0 = Release|Any CPU
		{D43EC92B-5C31-4576-A9A9-9F66D918D181}.Debug|Any CPU.ActiveCfg = Debug|Any CPU
		{D43EC92B-5C31-4576-A9A9-9F66D918D181}.Debug|Any CPU.Build.0 = Debug|Any CPU
		{D43EC92B-5C31-4576-A9A9-9F66D918D181}.Release|Any CPU.ActiveCfg = Release|Any CPU
		{D43EC92B-5C31-4576-A9A9-9F66D918D181}.Release|Any CPU.Build.0 = Release|Any CPU
		{45059A9C-B0E4-4C1A-8FD2-0BA966F87F9F}.Debug|Any CPU.ActiveCfg = Debug|Any CPU
		{45059A9C-B0E4-4C1A-8FD2-0BA966F87F9F}.Debug|Any CPU.Build.0 = Debug|Any CPU
		{45059A9C-B0E4-4C1A-8FD2-0BA966F87F9F}.Release|Any CPU.ActiveCfg = Release|Any CPU
		{45059A9C-B0E4-4C1A-8FD2-0BA966F87F9F}.Release|Any CPU.Build.0 = Release|Any CPU
		{9DFC844E-4284-48FA-9F72-5B8573B1F5B7}.Debug|Any CPU.ActiveCfg = Debug|Any CPU
		{9DFC844E-4284-48FA-9F72-5B8573B1F5B7}.Debug|Any CPU.Build.0 = Debug|Any CPU
		{9DFC844E-4284-48FA-9F72-5B8573B1F5B7}.Release|Any CPU.ActiveCfg = Release|Any CPU
		{9DFC844E-4284-48FA-9F72-5B8573B1F5B7}.Release|Any CPU.Build.0 = Release|Any CPU
		{157926E3-9097-4330-B4DF-1C7347640C38}.Debug|Any CPU.ActiveCfg = Debug|Any CPU
		{157926E3-9097-4330-B4DF-1C7347640C38}.Debug|Any CPU.Build.0 = Debug|Any CPU
		{157926E3-9097-4330-B4DF-1C7347640C38}.Release|Any CPU.ActiveCfg = Release|Any CPU
		{157926E3-9097-4330-B4DF-1C7347640C38}.Release|Any CPU.Build.0 = Release|Any CPU
		{41E35159-ED90-405D-9D8D-0F04D8BC10A3}.Debug|Any CPU.ActiveCfg = Debug|Any CPU
		{41E35159-ED90-405D-9D8D-0F04D8BC10A3}.Debug|Any CPU.Build.0 = Debug|Any CPU
		{41E35159-ED90-405D-9D8D-0F04D8BC10A3}.Release|Any CPU.ActiveCfg = Release|Any CPU
		{41E35159-ED90-405D-9D8D-0F04D8BC10A3}.Release|Any CPU.Build.0 = Release|Any CPU
		{D1C0B20F-C6DC-46B1-938D-38337396878B}.Debug|Any CPU.ActiveCfg = Debug|Any CPU
		{D1C0B20F-C6DC-46B1-938D-38337396878B}.Debug|Any CPU.Build.0 = Debug|Any CPU
		{D1C0B20F-C6DC-46B1-938D-38337396878B}.Release|Any CPU.ActiveCfg = Release|Any CPU
		{D1C0B20F-C6DC-46B1-938D-38337396878B}.Release|Any CPU.Build.0 = Release|Any CPU
		{01A4A29F-67D2-44CF-AE88-B7F19AEFDBE8}.Debug|Any CPU.ActiveCfg = Debug|Any CPU
		{01A4A29F-67D2-44CF-AE88-B7F19AEFDBE8}.Debug|Any CPU.Build.0 = Debug|Any CPU
		{01A4A29F-67D2-44CF-AE88-B7F19AEFDBE8}.Release|Any CPU.ActiveCfg = Release|Any CPU
		{01A4A29F-67D2-44CF-AE88-B7F19AEFDBE8}.Release|Any CPU.Build.0 = Release|Any CPU
		{122A5C84-ED67-4789-A9C0-EBB7A1AC3896}.Debug|Any CPU.ActiveCfg = Debug|Any CPU
		{122A5C84-ED67-4789-A9C0-EBB7A1AC3896}.Debug|Any CPU.Build.0 = Debug|Any CPU
		{122A5C84-ED67-4789-A9C0-EBB7A1AC3896}.Release|Any CPU.ActiveCfg = Release|Any CPU
		{122A5C84-ED67-4789-A9C0-EBB7A1AC3896}.Release|Any CPU.Build.0 = Release|Any CPU
		{30401A7C-5B2E-47D5-8DB4-450629A9C863}.Debug|Any CPU.ActiveCfg = Debug|Any CPU
		{30401A7C-5B2E-47D5-8DB4-450629A9C863}.Debug|Any CPU.Build.0 = Debug|Any CPU
		{30401A7C-5B2E-47D5-8DB4-450629A9C863}.Release|Any CPU.ActiveCfg = Release|Any CPU
		{30401A7C-5B2E-47D5-8DB4-450629A9C863}.Release|Any CPU.Build.0 = Release|Any CPU
		{B7F2B77F-436A-478B-832E-36B84D4E9655}.Debug|Any CPU.ActiveCfg = Debug|Any CPU
		{B7F2B77F-436A-478B-832E-36B84D4E9655}.Debug|Any CPU.Build.0 = Debug|Any CPU
		{B7F2B77F-436A-478B-832E-36B84D4E9655}.Release|Any CPU.ActiveCfg = Release|Any CPU
		{B7F2B77F-436A-478B-832E-36B84D4E9655}.Release|Any CPU.Build.0 = Release|Any CPU
		{076D298F-C2CB-4BB6-9075-5277DC963C19}.Debug|Any CPU.ActiveCfg = Debug|Any CPU
		{076D298F-C2CB-4BB6-9075-5277DC963C19}.Debug|Any CPU.Build.0 = Debug|Any CPU
		{076D298F-C2CB-4BB6-9075-5277DC963C19}.Release|Any CPU.ActiveCfg = Release|Any CPU
		{076D298F-C2CB-4BB6-9075-5277DC963C19}.Release|Any CPU.Build.0 = Release|Any CPU
		{BFD2C0C3-9474-466D-9438-2E427852ED61}.Debug|Any CPU.ActiveCfg = Debug|Any CPU
		{BFD2C0C3-9474-466D-9438-2E427852ED61}.Debug|Any CPU.Build.0 = Debug|Any CPU
		{BFD2C0C3-9474-466D-9438-2E427852ED61}.Release|Any CPU.ActiveCfg = Release|Any CPU
		{BFD2C0C3-9474-466D-9438-2E427852ED61}.Release|Any CPU.Build.0 = Release|Any CPU
	EndGlobalSection
	GlobalSection(SolutionProperties) = preSolution
		HideSolutionNode = FALSE
	EndGlobalSection
	GlobalSection(NestedProjects) = preSolution
		{4F282572-47A1-40D9-BDC2-D0ED25B84891} = {692E4FD8-80B0-4AAF-AE58-3934D0247CAA}
		{25D6C93B-EF21-4105-8315-67933AC28382} = {692E4FD8-80B0-4AAF-AE58-3934D0247CAA}
		{CB28B4BB-4459-43D3-875B-9E861CC1A79B} = {692E4FD8-80B0-4AAF-AE58-3934D0247CAA}
		{2765F030-24A7-4AB7-9482-EE253E1C171F} = {692E4FD8-80B0-4AAF-AE58-3934D0247CAA}
		{B28D239C-372E-4793-A00B-A2022D9D2867} = {70F965F6-5A55-4C7D-9502-D01A308E87C6}
		{A1F1CB3B-EBD9-440D-A520-E3FB853E9818} = {70F965F6-5A55-4C7D-9502-D01A308E87C6}
		{4D7C80A8-1BAF-447D-BF37-62DA11F4F79C} = {70F965F6-5A55-4C7D-9502-D01A308E87C6}
		{6103BAB0-52F8-4267-BC60-1DBA76709CAA} = {70F965F6-5A55-4C7D-9502-D01A308E87C6}
		{6EB98CB4-E754-4CA8-8A21-C948E4A91560} = {9A21BBB2-7261-4D37-98D3-74CCAF4FC0B2}
		{8EEE1959-06B5-4FA3-91D6-FD3AFD2450B8} = {9A21BBB2-7261-4D37-98D3-74CCAF4FC0B2}
		{88AC9DC4-0879-439A-B77F-920DA633D825} = {9A21BBB2-7261-4D37-98D3-74CCAF4FC0B2}
		{81DF0D09-821F-404E-B2B5-3DC56733C978} = {9A21BBB2-7261-4D37-98D3-74CCAF4FC0B2}
		{9F812E66-23AC-4DF0-9FB0-9BC8E3325CB8} = {E27FC46E-8BCA-4F9B-A694-E2867FCF23A0}
		{52ADD556-577F-47E6-ADCF-C08D1C1A2131} = {E27FC46E-8BCA-4F9B-A694-E2867FCF23A0}
		{A78300EE-E0D9-4AFF-BBD5-C0FE193A8659} = {E27FC46E-8BCA-4F9B-A694-E2867FCF23A0}
		{DBD7BE55-A939-4865-BA02-51180E1BF9C7} = {E27FC46E-8BCA-4F9B-A694-E2867FCF23A0}
		{11B76CF7-E1FF-43BF-9266-31CE01DDBD8F} = {C046B71A-C09D-4F3C-8B83-E848BFBEB9CF}
		{598BFF94-DCBB-4D45-B817-606AD45C58DC} = {C046B71A-C09D-4F3C-8B83-E848BFBEB9CF}
		{04FC1811-42F1-4A89-9585-2D768F587CB0} = {C046B71A-C09D-4F3C-8B83-E848BFBEB9CF}
		{3CD3C5E5-EBD9-4B8C-BCB1-ACD97FBEDB70} = {C046B71A-C09D-4F3C-8B83-E848BFBEB9CF}
		{DBA833E2-8DDF-405E-8D17-5404577B975B} = {D3DDA0FA-DBD2-4ADB-B4AF-269FABA2D8C0}
		{A7A915A6-E058-4796-8F2C-2B0540A7FE9B} = {D3DDA0FA-DBD2-4ADB-B4AF-269FABA2D8C0}
		{7BAEE2D5-038E-4FC1-9864-6CD994F1B1E0} = {D3DDA0FA-DBD2-4ADB-B4AF-269FABA2D8C0}
		{88A2B943-235B-40D2-A338-C43AF47D2A9E} = {D3DDA0FA-DBD2-4ADB-B4AF-269FABA2D8C0}
		{B19A8E74-14A9-42C3-99B5-DA08567C8E63} = {F96F9950-06A6-4DDF-B133-DD108126A3DA}
		{DCB737BB-7B2A-4D0A-ADDC-7C7ABD6F10B0} = {F96F9950-06A6-4DDF-B133-DD108126A3DA}
		{49B9E3BA-3F07-45B5-8DC5-F95D08BF240C} = {F96F9950-06A6-4DDF-B133-DD108126A3DA}
		{69645AE6-0517-4E7B-B293-B37BDE278C85} = {F96F9950-06A6-4DDF-B133-DD108126A3DA}
		{D8F636FB-DE9F-4482-80C1-ED66CC92DEB9} = {8E9A1CB0-00D0-4E98-8D06-43B353DF2B78}
		{FD5D94C8-1C12-4E45-B565-965C38A295D0} = {8E9A1CB0-00D0-4E98-8D06-43B353DF2B78}
		{A0DD7A7C-7022-4FE4-A3AD-18BD82BB5679} = {8E9A1CB0-00D0-4E98-8D06-43B353DF2B78}
		{8EAC5502-9E29-45ED-80D2-0A0A3107B0F9} = {8E9A1CB0-00D0-4E98-8D06-43B353DF2B78}
		{B6B42260-816E-4883-9F4F-E175E0C9FA75} = {2EC1959F-D673-407F-AD20-4615CA731CC7}
		{F9A97154-E804-47D5-99A9-4867BC43CAB5} = {2EC1959F-D673-407F-AD20-4615CA731CC7}
		{185DCBE9-E138-46AB-B71B-DA59462EDBC4} = {2EC1959F-D673-407F-AD20-4615CA731CC7}
		{9C13073B-998A-4C9D-9DFE-4882000BF9DF} = {2EC1959F-D673-407F-AD20-4615CA731CC7}
		{17B7641C-BED4-4A33-8D36-F2E79A4853E4} = {890EFF0D-45BF-47E1-A106-8732D6B1DF42}
		{530784B1-66D7-4050-B9C3-CD42E8DA2A85} = {890EFF0D-45BF-47E1-A106-8732D6B1DF42}
		{312AEF40-259A-4992-9A4A-144911DD4E67} = {890EFF0D-45BF-47E1-A106-8732D6B1DF42}
		{B15D3E79-AE6E-4ABD-A27C-1802698B4D86} = {890EFF0D-45BF-47E1-A106-8732D6B1DF42}
		{5A9E46BD-7745-4904-87A4-41C75C6BC87C} = {BB96643C-66FF-4FE5-8498-9EADAD0A46C7}
		{AED8CF0E-711B-4A70-8F7A-9F0B8BFE1A46} = {BB96643C-66FF-4FE5-8498-9EADAD0A46C7}
		{5CEAB9FD-A0DF-42D5-A836-7A24330125D0} = {BB96643C-66FF-4FE5-8498-9EADAD0A46C7}
		{D66BAAB1-90CA-45E2-873B-C37A679A65FE} = {BB96643C-66FF-4FE5-8498-9EADAD0A46C7}
		{BA1B8ED4-D9BC-4E28-8CC9-BFDEF20FA75E} = {24EF6B16-399E-466E-B350-00D478DAE066}
		{45573DC6-C043-46EB-A85E-C77C8A583EFA} = {24EF6B16-399E-466E-B350-00D478DAE066}
		{9566D24B-A976-44FD-AB52-39E62D9B4E34} = {24EF6B16-399E-466E-B350-00D478DAE066}
		{6C8C6523-EC36-460E-BD34-7A67B1F97CC9} = {24EF6B16-399E-466E-B350-00D478DAE066}
		{29FA3D85-CD9E-42E7-B287-16D1020AFD23} = {3435A1F4-8EC4-4576-AAB1-D7C37D602FC4}
		{6790C662-72C9-40A8-990B-3B5E2FD00806} = {3435A1F4-8EC4-4576-AAB1-D7C37D602FC4}
		{93DDD5AA-0D50-41B1-B2DB-C537EE675740} = {3435A1F4-8EC4-4576-AAB1-D7C37D602FC4}
		{D3C7C109-582D-4BBB-BF0F-D5E91D921160} = {3435A1F4-8EC4-4576-AAB1-D7C37D602FC4}
		{9B39FFB8-9F84-4B3C-8E57-EB3FD129DC85} = {CE952BA5-268B-4349-9037-3C1DC55B8E9B}
		{897D6EA1-B205-4591-BABB-F314B3171D5C} = {CE952BA5-268B-4349-9037-3C1DC55B8E9B}
		{5B714D69-0C7A-4252-9299-2B0280856482} = {CE952BA5-268B-4349-9037-3C1DC55B8E9B}
		{C2052D46-D7DB-48FE-830E-311F140A5911} = {CE952BA5-268B-4349-9037-3C1DC55B8E9B}
		{FFFA5302-0C71-48CC-B3C7-096B369C7B08} = {070CA5D2-1EA9-41E9-861F-C618AC3605EF}
		{6A3C205A-B8F8-4EDB-B80D-BF911460AFC0} = {070CA5D2-1EA9-41E9-861F-C618AC3605EF}
		{E94ADF8C-A306-4E6D-9482-D4303A1A4EA7} = {070CA5D2-1EA9-41E9-861F-C618AC3605EF}
		{E8BAF42A-66E2-4C7A-9CA8-C20A58E2FF0C} = {070CA5D2-1EA9-41E9-861F-C618AC3605EF}
		{C588902F-DD7E-41A0-86C2-997A082F15A6} = {84650795-B418-423D-8E47-E8B73840AA80}
		{FDAD7175-24B1-4ACD-B5EB-6403043C7B6F} = {84650795-B418-423D-8E47-E8B73840AA80}
		{063216E1-CA21-4440-AC31-A85A445EED33} = {84650795-B418-423D-8E47-E8B73840AA80}
		{1E9A19E8-BB40-4C73-A3CE-CE8AAB4F70CF} = {84650795-B418-423D-8E47-E8B73840AA80}
		{202FCF7A-EE20-4A0B-9E21-85AEE32BE590} = {1806E79F-5BEA-435D-A0EA-FC9BC43CACF2}
		{840F0339-2BB7-4E1F-BFD3-CF6C7B1B6CEF} = {1806E79F-5BEA-435D-A0EA-FC9BC43CACF2}
		{4E3CB9B9-4C86-4A3F-95B9-4B0C21A0FD2E} = {1806E79F-5BEA-435D-A0EA-FC9BC43CACF2}
		{021545FF-AE47-404E-A2EC-E1754551F334} = {1806E79F-5BEA-435D-A0EA-FC9BC43CACF2}
		{AAF75840-FFAB-44BA-ABD4-C541E5B4BE16} = {2BF5F1E7-296E-4D25-B756-5798E6848B95}
		{8A204782-C30F-4082-9926-A6FB5916D46C} = {2BF5F1E7-296E-4D25-B756-5798E6848B95}
		{6C2BF357-84F6-43BE-A0B7-ABD4DEC875BE} = {2BF5F1E7-296E-4D25-B756-5798E6848B95}
		{D21D388D-86B8-4964-9D26-FDE90E2991D4} = {2BF5F1E7-296E-4D25-B756-5798E6848B95}
		{B55BF74F-3A02-42CD-97E2-47E456FF99A3} = {4F4868C5-1021-4012-9FA2-AAFF81DE9502}
		{C91BF411-65C3-4122-B6E0-8B1956375031} = {4F4868C5-1021-4012-9FA2-AAFF81DE9502}
		{2B14F790-1720-4D8B-B2ED-BC06779FE346} = {4F4868C5-1021-4012-9FA2-AAFF81DE9502}
		{C814EBBF-755D-42A4-AAEE-AD11BFFEE678} = {4F4868C5-1021-4012-9FA2-AAFF81DE9502}
		{9003BA74-B086-434E-A6A0-493C9FF22CE0} = {D62DE0F7-57FE-428F-B77C-0DA8744B789F}
		{E83B2C7F-E76C-4BBD-8E96-A9E1EDBAFC0F} = {D62DE0F7-57FE-428F-B77C-0DA8744B789F}
		{5873285E-C54A-43D6-9D28-539BB5E8A403} = {D62DE0F7-57FE-428F-B77C-0DA8744B789F}
		{8DD29D87-B46B-4A89-B3AE-78FC26CFE541} = {D62DE0F7-57FE-428F-B77C-0DA8744B789F}
		{1678D006-7DB6-4CF1-9358-68BB987A6585} = {CB53836D-1F3A-4569-8A3D-D8F9397E92F0}
		{110656A9-AAE6-4590-89E5-A8F4C2D9B59C} = {CB53836D-1F3A-4569-8A3D-D8F9397E92F0}
		{0C3FDB63-5BEE-476F-80C9-6B6E60497A3E} = {CB53836D-1F3A-4569-8A3D-D8F9397E92F0}
		{5D5D3BE2-B007-486E-A95F-AB16EDEF276B} = {CB53836D-1F3A-4569-8A3D-D8F9397E92F0}
		{128603D0-4C50-46D5-98E1-661DAFF455D3} = {4A6AB7C4-9FD4-4E3F-919D-F2A979867FDA}
		{9D3284CA-9E71-464C-919B-0D233FE8C1F6} = {4A6AB7C4-9FD4-4E3F-919D-F2A979867FDA}
		{C34BD9D7-C146-4919-AAA9-8B47A4AD22B6} = {4A6AB7C4-9FD4-4E3F-919D-F2A979867FDA}
		{236E50A6-5551-45DE-9F98-CAC4A0456BD6} = {4A6AB7C4-9FD4-4E3F-919D-F2A979867FDA}
		{71E9AF36-9DD1-410B-8B0D-26750E46FF87} = {2BF5F1E7-296E-4D25-B756-5798E6848B95}
		{D4E1DFBC-E4D6-4894-A290-8312B0767CFB} = {4F4868C5-1021-4012-9FA2-AAFF81DE9502}
		{EEC4A3DC-4B2F-40A5-B25C-CDF121D7125C} = {D62DE0F7-57FE-428F-B77C-0DA8744B789F}
		{596AE50D-D9F1-43ED-80FA-42FDE4D3EF39} = {6F0E8CE5-F409-4D56-9495-D63172E9DAD6}
		{7BB4F936-FC31-4313-BA12-260435F06804} = {6F0E8CE5-F409-4D56-9495-D63172E9DAD6}
		{45F369E5-0A8C-4AF6-A57B-30D660EA779E} = {6F0E8CE5-F409-4D56-9495-D63172E9DAD6}
		{23F7E4E8-76E6-472F-AC73-CDD415C331CA} = {6F0E8CE5-F409-4D56-9495-D63172E9DAD6}
		{E67F0A5E-269F-4BBA-83F0-43AFBD514D9A} = {F9E20E6F-F7F6-4271-A0DB-73173A8B8A8F}
		{A823659E-4CB8-4BDC-8C9F-85639A5D8F88} = {F9E20E6F-F7F6-4271-A0DB-73173A8B8A8F}
		{143F4982-CA4A-4593-A26E-4B34906C7272} = {F9E20E6F-F7F6-4271-A0DB-73173A8B8A8F}
		{2A233D95-2FD2-45FC-AA17-591982577FE7} = {F9E20E6F-F7F6-4271-A0DB-73173A8B8A8F}
		{C186662F-FFAC-4ADE-98DD-70B1337A3C2C} = {07D3E908-595C-49D6-955A-FCD7F461DCC4}
		{D6E90E33-F890-4E0A-9584-2087AC3A27B2} = {07D3E908-595C-49D6-955A-FCD7F461DCC4}
		{42D285D6-0291-40F2-AEB7-DB1954BBD0D6} = {07D3E908-595C-49D6-955A-FCD7F461DCC4}
		{6713A6B9-ED4F-4A08-991B-5A58466B0BDC} = {07D3E908-595C-49D6-955A-FCD7F461DCC4}
		{C31A12C4-5FDA-4F85-88E1-DE541B738834} = {B2D07A88-AED5-4E2A-A1A7-212F4D1F4700}
		{F51706FD-8911-4B84-AA05-3A76602BDFF2} = {B2D07A88-AED5-4E2A-A1A7-212F4D1F4700}
		{E84F80C3-0DFB-4374-BF3F-C517DAF8266B} = {B2D07A88-AED5-4E2A-A1A7-212F4D1F4700}
		{D43EC92B-5C31-4576-A9A9-9F66D918D181} = {B2D07A88-AED5-4E2A-A1A7-212F4D1F4700}
		{45059A9C-B0E4-4C1A-8FD2-0BA966F87F9F} = {C92BA4B1-069E-4A9D-8EA6-F5E5B01FE6C3}
		{9DFC844E-4284-48FA-9F72-5B8573B1F5B7} = {C92BA4B1-069E-4A9D-8EA6-F5E5B01FE6C3}
		{157926E3-9097-4330-B4DF-1C7347640C38} = {C92BA4B1-069E-4A9D-8EA6-F5E5B01FE6C3}
		{41E35159-ED90-405D-9D8D-0F04D8BC10A3} = {C92BA4B1-069E-4A9D-8EA6-F5E5B01FE6C3}
		{D1C0B20F-C6DC-46B1-938D-38337396878B} = {8687346F-A492-4A8F-8F8F-637FAE0CE439}
		{01A4A29F-67D2-44CF-AE88-B7F19AEFDBE8} = {8687346F-A492-4A8F-8F8F-637FAE0CE439}
		{122A5C84-ED67-4789-A9C0-EBB7A1AC3896} = {8687346F-A492-4A8F-8F8F-637FAE0CE439}
		{30401A7C-5B2E-47D5-8DB4-450629A9C863} = {8687346F-A492-4A8F-8F8F-637FAE0CE439}
		{B7F2B77F-436A-478B-832E-36B84D4E9655} = {8687346F-A492-4A8F-8F8F-637FAE0CE439}
		{076D298F-C2CB-4BB6-9075-5277DC963C19} = {8687346F-A492-4A8F-8F8F-637FAE0CE439}
		{BFD2C0C3-9474-466D-9438-2E427852ED61} = {8687346F-A492-4A8F-8F8F-637FAE0CE439}
	EndGlobalSection
	GlobalSection(ExtensibilityGlobals) = postSolution
		SolutionGuid = {7222E3B1-7D71-4663-8F49-6EFBF1019E06}
	EndGlobalSection
EndGlobal
