
Microsoft Visual Studio Solution File, Format Version 12.00
# Visual Studio 14
VisualStudioVersion = 14.0.25123.0
MinimumVisualStudioVersion = 10.0.40219.1
Project("{FAE04EC0-301F-11D3-BF4B-00C04F79EFBC}") = "DemoStartUp", "DemoStartUp\DemoStartUp.csproj", "{FDE23336-19F2-4134-88F8-D6A810A85643}"
EndProject
Project("{FAE04EC0-301F-11D3-BF4B-00C04F79EFBC}") = "Client", "Client\Client.csproj", "{E11DBE40-C81F-4AA2-AE2C-25769CCB06A2}"
EndProject
Project("{FAE04EC0-301F-11D3-BF4B-00C04F79EFBC}") = "Common", "Common\Common.csproj", "{762B4B92-8843-43F3-B641-34B2C6086134}"
EndProject
Project("{FAE04EC0-301F-11D3-BF4B-00C04F79EFBC}") = "Server", "Server\Server.csproj", "{939716DC-E011-41DA-A045-F5835CAF581F}"
EndProject
Project("{2150E333-8FDC-42A3-9474-1A3956D46DE8}") = "Database", "Database", "{DBE94428-488E-4189-A783-01DF7337AD8F}"
	ProjectSection(SolutionItems) = preProject
		Database\RemoteQueryableDemoDB.sql = Database\RemoteQueryableDemoDB.sql
		Database\RemoteQueryableDemoDBSetup.cmd = Database\RemoteQueryableDemoDBSetup.cmd
	EndProjectSection
EndProject
Global
	GlobalSection(SolutionConfigurationPlatforms) = preSolution
		Debug|Any CPU = Debug|Any CPU
		Release|Any CPU = Release|Any CPU
	EndGlobalSection
	GlobalSection(ProjectConfigurationPlatforms) = postSolution
		{E11DBE40-C81F-4AA2-AE2C-25769CCB06A2}.Debug|Any CPU.ActiveCfg = Debug|Any CPU
		{E11DBE40-C81F-4AA2-AE2C-25769CCB06A2}.Debug|Any CPU.Build.0 = Debug|Any CPU
		{E11DBE40-C81F-4AA2-AE2C-25769CCB06A2}.Release|Any CPU.ActiveCfg = Release|Any CPU
		{E11DBE40-C81F-4AA2-AE2C-25769CCB06A2}.Release|Any CPU.Build.0 = Release|Any CPU
		{762B4B92-8843-43F3-B641-34B2C6086134}.Debug|Any CPU.ActiveCfg = Debug|Any CPU
		{762B4B92-8843-43F3-B641-34B2C6086134}.Debug|Any CPU.Build.0 = Debug|Any CPU
		{762B4B92-8843-43F3-B641-34B2C6086134}.Release|Any CPU.ActiveCfg = Release|Any CPU
		{762B4B92-8843-43F3-B641-34B2C6086134}.Release|Any CPU.Build.0 = Release|Any CPU
		{939716DC-E011-41DA-A045-F5835CAF581F}.Debug|Any CPU.ActiveCfg = Debug|Any CPU
		{939716DC-E011-41DA-A045-F5835CAF581F}.Debug|Any CPU.Build.0 = Debug|Any CPU
		{939716DC-E011-41DA-A045-F5835CAF581F}.Release|Any CPU.ActiveCfg = Release|Any CPU
		{939716DC-E011-41DA-A045-F5835CAF581F}.Release|Any CPU.Build.0 = Release|Any CPU
		{FDE23336-19F2-4134-88F8-D6A810A85643}.Debug|Any CPU.ActiveCfg = Debug|Any CPU
		{FDE23336-19F2-4134-88F8-D6A810A85643}.Debug|Any CPU.Build.0 = Debug|Any CPU
		{FDE23336-19F2-4134-88F8-D6A810A85643}.Release|Any CPU.ActiveCfg = Release|Any CPU
		{FDE23336-19F2-4134-88F8-D6A810A85643}.Release|Any CPU.Build.0 = Release|Any CPU
	EndGlobalSection
	GlobalSection(SolutionProperties) = preSolution
		HideSolutionNode = FALSE
	EndGlobalSection
EndGlobal
