Microsoft Visual Studio Solution File, Format Version 12.00
# Visual Studio 15
VisualStudioVersion = 15.0.26730.12
MinimumVisualStudioVersion = 15.0.26124.0
Project("{9A19103F-16F7-4668-BE54-9A1E7A4F7556}") = "DemoStartUp", "DemoStartUp\DemoStartUp.csproj", "{FDE23336-19F2-4134-88F8-D6A810A85643}"
EndProject
Project("{9A19103F-16F7-4668-BE54-9A1E7A4F7556}") = "Client", "Client\Client.csproj", "{A5134D96-7954-432E-AD97-3DD83B6E85AB}"
EndProject
Project("{9A19103F-16F7-4668-BE54-9A1E7A4F7556}") = "Server", "Server\Server.csproj", "{188702A6-12C5-4B7C-9BC4-2513C561DA59}"
EndProject
Project("{9A19103F-16F7-4668-BE54-9A1E7A4F7556}") = "Common", "Common\Common.csproj", "{D6420D9B-929B-4F1C-88D4-FF312CB0D2F0}"
EndProject
Global
	GlobalSection(SolutionConfigurationPlatforms) = preSolution
		Debug|Any CPU = Debug|Any CPU
		Release|Any CPU = Release|Any CPU
	EndGlobalSection
	GlobalSection(ProjectConfigurationPlatforms) = postSolution
		{A5134D96-7954-432E-AD97-3DD83B6E85AB}.Debug|Any CPU.ActiveCfg = Debug|Any CPU
		{A5134D96-7954-432E-AD97-3DD83B6E85AB}.Debug|Any CPU.Build.0 = Debug|Any CPU
		{A5134D96-7954-432E-AD97-3DD83B6E85AB}.Release|Any CPU.ActiveCfg = Release|Any CPU
		{A5134D96-7954-432E-AD97-3DD83B6E85AB}.Release|Any CPU.Build.0 = Release|Any CPU
		{188702A6-12C5-4B7C-9BC4-2513C561DA59}.Debug|Any CPU.ActiveCfg = Debug|Any CPU
		{188702A6-12C5-4B7C-9BC4-2513C561DA59}.Debug|Any CPU.Build.0 = Debug|Any CPU
		{188702A6-12C5-4B7C-9BC4-2513C561DA59}.Release|Any CPU.ActiveCfg = Release|Any CPU
		{188702A6-12C5-4B7C-9BC4-2513C561DA59}.Release|Any CPU.Build.0 = Release|Any CPU
		{D6420D9B-929B-4F1C-88D4-FF312CB0D2F0}.Debug|Any CPU.ActiveCfg = Debug|Any CPU
		{D6420D9B-929B-4F1C-88D4-FF312CB0D2F0}.Debug|Any CPU.Build.0 = Debug|Any CPU
		{D6420D9B-929B-4F1C-88D4-FF312CB0D2F0}.Release|Any CPU.ActiveCfg = Release|Any CPU
		{D6420D9B-929B-4F1C-88D4-FF312CB0D2F0}.Release|Any CPU.Build.0 = Release|Any CPU
		{FDE23336-19F2-4134-88F8-D6A810A85643}.Debug|Any CPU.ActiveCfg = Debug|Any CPU
		{FDE23336-19F2-4134-88F8-D6A810A85643}.Debug|Any CPU.Build.0 = Debug|Any CPU
		{FDE23336-19F2-4134-88F8-D6A810A85643}.Release|Any CPU.ActiveCfg = Release|Any CPU
		{FDE23336-19F2-4134-88F8-D6A810A85643}.Release|Any CPU.Build.0 = Release|Any CPU
	EndGlobalSection
	GlobalSection(SolutionProperties) = preSolution
		HideSolutionNode = FALSE
	EndGlobalSection
EndGlobal
