
Microsoft Visual Studio Solution File, Format Version 11.00
# Visual Studio 2010
Project("{FAE04EC0-301F-11D3-BF4B-00C04F79EFBC}") = "Remote.Linq", "Remote.Linq\Remote.Linq.csproj", "{2E2B1850-C328-47C3-BED5-313F6E9DBB01}"
EndProject
Project("{FAE04EC0-301F-11D3-BF4B-00C04F79EFBC}") = "Remote.Linq.SL", "Remote.Linq.SL\Remote.Linq.SL.csproj", "{7A7940B6-BA23-48EA-9B99-932E7E19FA62}"
EndProject
Project("{FAE04EC0-301F-11D3-BF4B-00C04F79EFBC}") = "Remote.Linq.TestClassLibrary", "Remote.Linq.TestClassLibrary\Remote.Linq.TestClassLibrary.csproj", "{16E7030D-728D-40CF-9E6A-1AF15003FC5E}"
EndProject
Project("{FAE04EC0-301F-11D3-BF4B-00C04F79EFBC}") = "Remote.Linq.TestConsoleApplication", "Remote.Linq.TestConsoleApplication\Remote.Linq.TestConsoleApplication.csproj", "{23F8A348-5338-4E56-8D1A-9A20E8C12E86}"
EndProject
Project("{FAE04EC0-301F-11D3-BF4B-00C04F79EFBC}") = "Remote.Linq.QueryFunctions", "Remote.Linq.QueryFunctions\Remote.Linq.QueryFunctions.csproj", "{91CBF2BB-A03B-46B5-8258-32CDDB74E596}"
EndProject
Global
	GlobalSection(SolutionConfigurationPlatforms) = preSolution
		Debug|Any CPU = Debug|Any CPU
		Debug|Mixed Platforms = Debug|Mixed Platforms
		Debug|x86 = Debug|x86
		Release|Any CPU = Release|Any CPU
		Release|Mixed Platforms = Release|Mixed Platforms
		Release|x86 = Release|x86
	EndGlobalSection
	GlobalSection(ProjectConfigurationPlatforms) = postSolution
		{2E2B1850-C328-47C3-BED5-313F6E9DBB01}.Debug|Any CPU.ActiveCfg = Debug|Any CPU
		{2E2B1850-C328-47C3-BED5-313F6E9DBB01}.Debug|Any CPU.Build.0 = Debug|Any CPU
		{2E2B1850-C328-47C3-BED5-313F6E9DBB01}.Debug|Mixed Platforms.ActiveCfg = Debug|Any CPU
		{2E2B1850-C328-47C3-BED5-313F6E9DBB01}.Debug|Mixed Platforms.Build.0 = Debug|Any CPU
		{2E2B1850-C328-47C3-BED5-313F6E9DBB01}.Debug|x86.ActiveCfg = Debug|Any CPU
		{2E2B1850-C328-47C3-BED5-313F6E9DBB01}.Release|Any CPU.ActiveCfg = Release|Any CPU
		{2E2B1850-C328-47C3-BED5-313F6E9DBB01}.Release|Any CPU.Build.0 = Release|Any CPU
		{2E2B1850-C328-47C3-BED5-313F6E9DBB01}.Release|Mixed Platforms.ActiveCfg = Release|Any CPU
		{2E2B1850-C328-47C3-BED5-313F6E9DBB01}.Release|Mixed Platforms.Build.0 = Release|Any CPU
		{2E2B1850-C328-47C3-BED5-313F6E9DBB01}.Release|x86.ActiveCfg = Release|Any CPU
		{7A7940B6-BA23-48EA-9B99-932E7E19FA62}.Debug|Any CPU.ActiveCfg = Debug|Any CPU
		{7A7940B6-BA23-48EA-9B99-932E7E19FA62}.Debug|Any CPU.Build.0 = Debug|Any CPU
		{7A7940B6-BA23-48EA-9B99-932E7E19FA62}.Debug|Mixed Platforms.ActiveCfg = Debug|Any CPU
		{7A7940B6-BA23-48EA-9B99-932E7E19FA62}.Debug|Mixed Platforms.Build.0 = Debug|Any CPU
		{7A7940B6-BA23-48EA-9B99-932E7E19FA62}.Debug|x86.ActiveCfg = Debug|Any CPU
		{7A7940B6-BA23-48EA-9B99-932E7E19FA62}.Release|Any CPU.ActiveCfg = Release|Any CPU
		{7A7940B6-BA23-48EA-9B99-932E7E19FA62}.Release|Any CPU.Build.0 = Release|Any CPU
		{7A7940B6-BA23-48EA-9B99-932E7E19FA62}.Release|Mixed Platforms.ActiveCfg = Release|Any CPU
		{7A7940B6-BA23-48EA-9B99-932E7E19FA62}.Release|Mixed Platforms.Build.0 = Release|Any CPU
		{7A7940B6-BA23-48EA-9B99-932E7E19FA62}.Release|x86.ActiveCfg = Release|Any CPU
		{16E7030D-728D-40CF-9E6A-1AF15003FC5E}.Debug|Any CPU.ActiveCfg = Debug|Any CPU
		{16E7030D-728D-40CF-9E6A-1AF15003FC5E}.Debug|Any CPU.Build.0 = Debug|Any CPU
		{16E7030D-728D-40CF-9E6A-1AF15003FC5E}.Debug|Mixed Platforms.ActiveCfg = Debug|Any CPU
		{16E7030D-728D-40CF-9E6A-1AF15003FC5E}.Debug|Mixed Platforms.Build.0 = Debug|Any CPU
		{16E7030D-728D-40CF-9E6A-1AF15003FC5E}.Debug|x86.ActiveCfg = Debug|Any CPU
		{16E7030D-728D-40CF-9E6A-1AF15003FC5E}.Release|Any CPU.ActiveCfg = Release|Any CPU
		{16E7030D-728D-40CF-9E6A-1AF15003FC5E}.Release|Any CPU.Build.0 = Release|Any CPU
		{16E7030D-728D-40CF-9E6A-1AF15003FC5E}.Release|Mixed Platforms.ActiveCfg = Release|Any CPU
		{16E7030D-728D-40CF-9E6A-1AF15003FC5E}.Release|Mixed Platforms.Build.0 = Release|Any CPU
		{16E7030D-728D-40CF-9E6A-1AF15003FC5E}.Release|x86.ActiveCfg = Release|Any CPU
		{23F8A348-5338-4E56-8D1A-9A20E8C12E86}.Debug|Any CPU.ActiveCfg = Debug|x86
		{23F8A348-5338-4E56-8D1A-9A20E8C12E86}.Debug|Mixed Platforms.ActiveCfg = Debug|x86
		{23F8A348-5338-4E56-8D1A-9A20E8C12E86}.Debug|Mixed Platforms.Build.0 = Debug|x86
		{23F8A348-5338-4E56-8D1A-9A20E8C12E86}.Debug|x86.ActiveCfg = Debug|x86
		{23F8A348-5338-4E56-8D1A-9A20E8C12E86}.Debug|x86.Build.0 = Debug|x86
		{23F8A348-5338-4E56-8D1A-9A20E8C12E86}.Release|Any CPU.ActiveCfg = Release|x86
		{23F8A348-5338-4E56-8D1A-9A20E8C12E86}.Release|Mixed Platforms.ActiveCfg = Release|x86
		{23F8A348-5338-4E56-8D1A-9A20E8C12E86}.Release|Mixed Platforms.Build.0 = Release|x86
		{23F8A348-5338-4E56-8D1A-9A20E8C12E86}.Release|x86.ActiveCfg = Release|x86
		{23F8A348-5338-4E56-8D1A-9A20E8C12E86}.Release|x86.Build.0 = Release|x86
		{91CBF2BB-A03B-46B5-8258-32CDDB74E596}.Debug|Any CPU.ActiveCfg = Debug|Any CPU
		{91CBF2BB-A03B-46B5-8258-32CDDB74E596}.Debug|Any CPU.Build.0 = Debug|Any CPU
		{91CBF2BB-A03B-46B5-8258-32CDDB74E596}.Debug|Mixed Platforms.ActiveCfg = Debug|Any CPU
		{91CBF2BB-A03B-46B5-8258-32CDDB74E596}.Debug|Mixed Platforms.Build.0 = Debug|Any CPU
		{91CBF2BB-A03B-46B5-8258-32CDDB74E596}.Debug|x86.ActiveCfg = Debug|Any CPU
		{91CBF2BB-A03B-46B5-8258-32CDDB74E596}.Release|Any CPU.ActiveCfg = Release|Any CPU
		{91CBF2BB-A03B-46B5-8258-32CDDB74E596}.Release|Any CPU.Build.0 = Release|Any CPU
		{91CBF2BB-A03B-46B5-8258-32CDDB74E596}.Release|Mixed Platforms.ActiveCfg = Release|Any CPU
		{91CBF2BB-A03B-46B5-8258-32CDDB74E596}.Release|Mixed Platforms.Build.0 = Release|Any CPU
		{91CBF2BB-A03B-46B5-8258-32CDDB74E596}.Release|x86.ActiveCfg = Release|Any CPU
	EndGlobalSection
	GlobalSection(SolutionProperties) = preSolution
		HideSolutionNode = FALSE
	EndGlobalSection
EndGlobal
