
Microsoft Visual Studio Solution File, Format Version 12.00
# Visual Studio 2013
VisualStudioVersion = 12.0.31101.0
MinimumVisualStudioVersion = 10.0.40219.1
Project("{FAE04EC0-301F-11D3-BF4B-00C04F79EFBC}") = "Remote.Linq.EntityFramework", "Remote.Linq.EntityFramework\Remote.Linq.EntityFramework.csproj", "{27CF691E-0FD4-4C61-826D-EA46D256AE78}"
EndProject
Project("{FAE04EC0-301F-11D3-BF4B-00C04F79EFBC}") = "Remote.Linq.EntityFramework.Tests", "Remote.Linq.EntityFramework.Tests\Remote.Linq.EntityFramework.Tests.csproj", "{33B9E510-F853-4897-B8DF-E4D1448D2A94}"
EndProject
Global
	GlobalSection(SolutionConfigurationPlatforms) = preSolution
		Debug|Any CPU = Debug|Any CPU
		Release|Any CPU = Release|Any CPU
	EndGlobalSection
	GlobalSection(ProjectConfigurationPlatforms) = postSolution
		{27CF691E-0FD4-4C61-826D-EA46D256AE78}.Debug|Any CPU.ActiveCfg = Debug|Any CPU
		{27CF691E-0FD4-4C61-826D-EA46D256AE78}.Debug|Any CPU.Build.0 = Debug|Any CPU
		{27CF691E-0FD4-4C61-826D-EA46D256AE78}.Release|Any CPU.ActiveCfg = Release|Any CPU
		{27CF691E-0FD4-4C61-826D-EA46D256AE78}.Release|Any CPU.Build.0 = Release|Any CPU
		{33B9E510-F853-4897-B8DF-E4D1448D2A94}.Debug|Any CPU.ActiveCfg = Debug|Any CPU
		{33B9E510-F853-4897-B8DF-E4D1448D2A94}.Debug|Any CPU.Build.0 = Debug|Any CPU
		{33B9E510-F853-4897-B8DF-E4D1448D2A94}.Release|Any CPU.ActiveCfg = Release|Any CPU
		{33B9E510-F853-4897-B8DF-E4D1448D2A94}.Release|Any CPU.Build.0 = Release|Any CPU
	EndGlobalSection
	GlobalSection(SolutionProperties) = preSolution
		HideSolutionNode = FALSE
	EndGlobalSection
EndGlobal
