
Microsoft Visual Studio Solution File, Format Version 12.00
# Visual Studio 2013
VisualStudioVersion = 12.0.31101.0
MinimumVisualStudioVersion = 10.0.40219.1
Project("{FAE04EC0-301F-11D3-BF4B-00C04F79EFBC}") = "Remote.Linq.protobuf-net", "Remote.Linq.protobuf-net\Remote.Linq.protobuf-net.csproj", "{9E5C6AB8-0379-4474-9276-242DE446DA56}"
EndProject
Project("{FAE04EC0-301F-11D3-BF4B-00C04F79EFBC}") = "Remote.Linq.protobuf-net.Tests", "Remote.Linq.protobuf-net.Tests\Remote.Linq.protobuf-net.Tests.csproj", "{97177BF0-0921-4709-B4D9-DDEB649EE0F0}"
EndProject
Global
	GlobalSection(SolutionConfigurationPlatforms) = preSolution
		Debug|Any CPU = Debug|Any CPU
		Release|Any CPU = Release|Any CPU
	EndGlobalSection
	GlobalSection(ProjectConfigurationPlatforms) = postSolution
		{9E5C6AB8-0379-4474-9276-242DE446DA56}.Debug|Any CPU.ActiveCfg = Debug|Any CPU
		{9E5C6AB8-0379-4474-9276-242DE446DA56}.Debug|Any CPU.Build.0 = Debug|Any CPU
		{9E5C6AB8-0379-4474-9276-242DE446DA56}.Release|Any CPU.ActiveCfg = Release|Any CPU
		{9E5C6AB8-0379-4474-9276-242DE446DA56}.Release|Any CPU.Build.0 = Release|Any CPU
		{97177BF0-0921-4709-B4D9-DDEB649EE0F0}.Debug|Any CPU.ActiveCfg = Debug|Any CPU
		{97177BF0-0921-4709-B4D9-DDEB649EE0F0}.Debug|Any CPU.Build.0 = Debug|Any CPU
		{97177BF0-0921-4709-B4D9-DDEB649EE0F0}.Release|Any CPU.ActiveCfg = Release|Any CPU
		{97177BF0-0921-4709-B4D9-DDEB649EE0F0}.Release|Any CPU.Build.0 = Release|Any CPU
	EndGlobalSection
	GlobalSection(SolutionProperties) = preSolution
		HideSolutionNode = FALSE
	EndGlobalSection
EndGlobal
